<?xml version="1.0" encoding="utf-8"?>
<Project ToolsVersion="4.0" xmlns="http://schemas.microsoft.com/developer/msbuild/2003">
  <ItemGroup>
    <Filter Include="Source Files">
      <UniqueIdentifier>{8e1d5f4c-1500-4f0b-9c27-4c331fcf9abd}</UniqueIdentifier>
      <Extensions>cpp;c;cxx;rc;def;r;odl;idl;hpj;bat</Extensions>
    </Filter>
    <Filter Include="Header Files">
      <UniqueIdentifier>{79a9199b-7b42-4270-b019-cc5d3c855aeb}</UniqueIdentifier>
      <Extensions>h;hpp;hxx;hm;inl</Extensions>
    </Filter>
  </ItemGroup>
  <ItemGroup>
    <ClCompile Include="..\libproj\aasincos.c">
      <Filter>Source Files</Filter>
    </ClCompile>
    <ClCompile Include="..\libproj\adjlon.c">
      <Filter>Source Files</Filter>
    </ClCompile>
    <ClCompile Include="..\libproj\bch2bps.c">
      <Filter>Source Files</Filter>
    </ClCompile>
    <ClCompile Include="..\libproj\bchgen.c">
      <Filter>Source Files</Filter>
    </ClCompile>
    <ClCompile Include="..\libproj\biveval.c">
      <Filter>Source Files</Filter>
    </ClCompile>
    <ClCompile Include="..\libproj\dmstor.c">
      <Filter>Source Files</Filter>
    </ClCompile>
    <ClCompile Include="..\libproj\emess.c">
      <Filter>Source Files</Filter>
    </ClCompile>
    <ClCompile Include="..\libproj\gen_cheb.c">
      <Filter>Source Files</Filter>
    </ClCompile>
    <ClCompile Include="..\libproj\geocent.c">
      <Filter>Source Files</Filter>
    </ClCompile>
    <ClCompile Include="..\libproj\geod_for.c">
      <Filter>Source Files</Filter>
    </ClCompile>
    <ClCompile Include="..\libproj\geod_inv.c">
      <Filter>Source Files</Filter>
    </ClCompile>
    <ClCompile Include="..\libproj\geod_set.c">
      <Filter>Source Files</Filter>
    </ClCompile>
    <ClCompile Include="..\libproj\jniproj.c">
      <Filter>Source Files</Filter>
    </ClCompile>
    <ClCompile Include="..\libproj\mk_cheby.c">
      <Filter>Source Files</Filter>
    </ClCompile>
    <ClCompile Include="..\libproj\nad_cvt.c">
      <Filter>Source Files</Filter>
    </ClCompile>
    <ClCompile Include="..\libproj\nad_init.c">
      <Filter>Source Files</Filter>
    </ClCompile>
    <ClCompile Include="..\libproj\nad_intr.c">
      <Filter>Source Files</Filter>
    </ClCompile>
    <ClCompile Include="..\libproj\p_series.c">
      <Filter>Source Files</Filter>
    </ClCompile>
    <ClCompile Include="..\libproj\PJ_aea.c">
      <Filter>Source Files</Filter>
    </ClCompile>
    <ClCompile Include="..\libproj\PJ_aeqd.c">
      <Filter>Source Files</Filter>
    </ClCompile>
    <ClCompile Include="..\libproj\PJ_airy.c">
      <Filter>Source Files</Filter>
    </ClCompile>
    <ClCompile Include="..\libproj\PJ_aitoff.c">
      <Filter>Source Files</Filter>
    </ClCompile>
    <ClCompile Include="..\libproj\pj_apply_gridshift.c">
      <Filter>Source Files</Filter>
    </ClCompile>
    <ClCompile Include="..\libproj\PJ_august.c">
      <Filter>Source Files</Filter>
    </ClCompile>
    <ClCompile Include="..\libproj\pj_auth.c">
      <Filter>Source Files</Filter>
    </ClCompile>
    <ClCompile Include="..\libproj\PJ_bacon.c">
      <Filter>Source Files</Filter>
    </ClCompile>
    <ClCompile Include="..\libproj\PJ_bipc.c">
      <Filter>Source Files</Filter>
    </ClCompile>
    <ClCompile Include="..\libproj\PJ_boggs.c">
      <Filter>Source Files</Filter>
    </ClCompile>
    <ClCompile Include="..\libproj\PJ_bonne.c">
      <Filter>Source Files</Filter>
    </ClCompile>
    <ClCompile Include="..\libproj\PJ_cass.c">
      <Filter>Source Files</Filter>
    </ClCompile>
    <ClCompile Include="..\libproj\PJ_cc.c">
      <Filter>Source Files</Filter>
    </ClCompile>
    <ClCompile Include="..\libproj\PJ_cea.c">
      <Filter>Source Files</Filter>
    </ClCompile>
    <ClCompile Include="..\libproj\PJ_chamb.c">
      <Filter>Source Files</Filter>
    </ClCompile>
    <ClCompile Include="..\libproj\PJ_collg.c">
      <Filter>Source Files</Filter>
    </ClCompile>
    <ClCompile Include="..\libproj\PJ_crast.c">
      <Filter>Source Files</Filter>
    </ClCompile>
    <ClCompile Include="..\libproj\pj_datum_set.c">
      <Filter>Source Files</Filter>
    </ClCompile>
    <ClCompile Include="..\libproj\pj_datums.c">
      <Filter>Source Files</Filter>
    </ClCompile>
    <ClCompile Include="..\libproj\PJ_denoy.c">
      <Filter>Source Files</Filter>
    </ClCompile>
    <ClCompile Include="..\libproj\pj_deriv.c">
      <Filter>Source Files</Filter>
    </ClCompile>
    <ClCompile Include="..\libproj\PJ_eck1.c">
      <Filter>Source Files</Filter>
    </ClCompile>
    <ClCompile Include="..\libproj\PJ_eck2.c">
      <Filter>Source Files</Filter>
    </ClCompile>
    <ClCompile Include="..\libproj\PJ_eck3.c">
      <Filter>Source Files</Filter>
    </ClCompile>
    <ClCompile Include="..\libproj\PJ_eck4.c">
      <Filter>Source Files</Filter>
    </ClCompile>
    <ClCompile Include="..\libproj\PJ_eck5.c">
      <Filter>Source Files</Filter>
    </ClCompile>
    <ClCompile Include="..\libproj\pj_ell_set.c">
      <Filter>Source Files</Filter>
    </ClCompile>
    <ClCompile Include="..\libproj\pj_ellps.c">
      <Filter>Source Files</Filter>
    </ClCompile>
    <ClCompile Include="..\libproj\PJ_eqc.c">
      <Filter>Source Files</Filter>
    </ClCompile>
    <ClCompile Include="..\libproj\PJ_eqdc.c">
      <Filter>Source Files</Filter>
    </ClCompile>
    <ClCompile Include="..\libproj\pj_errno.c">
      <Filter>Source Files</Filter>
    </ClCompile>
    <ClCompile Include="..\libproj\pj_factors.c">
      <Filter>Source Files</Filter>
    </ClCompile>
    <ClCompile Include="..\libproj\PJ_fahey.c">
      <Filter>Source Files</Filter>
    </ClCompile>
    <ClCompile Include="..\libproj\PJ_fouc_s.c">
      <Filter>Source Files</Filter>
    </ClCompile>
    <ClCompile Include="..\libproj\pj_fwd.c">
      <Filter>Source Files</Filter>
    </ClCompile>
    <ClCompile Include="..\libproj\PJ_gall.c">
      <Filter>Source Files</Filter>
    </ClCompile>
    <ClCompile Include="..\libproj\pj_gauss.c">
      <Filter>Source Files</Filter>
    </ClCompile>
    <ClCompile Include="..\libproj\pj_geocent.c">
      <Filter>Source Files</Filter>
    </ClCompile>
    <ClCompile Include="..\libproj\PJ_geos.c">
      <Filter>Source Files</Filter>
    </ClCompile>
    <ClCompile Include="..\libproj\PJ_gins8.c">
      <Filter>Source Files</Filter>
    </ClCompile>
    <ClCompile Include="..\libproj\PJ_gn_sinu.c">
      <Filter>Source Files</Filter>
    </ClCompile>
    <ClCompile Include="..\libproj\PJ_gnom.c">
      <Filter>Source Files</Filter>
    </ClCompile>
    <ClCompile Include="..\libproj\PJ_goode.c">
      <Filter>Source Files</Filter>
    </ClCompile>
    <ClCompile Include="..\libproj\pj_gridinfo.c">
      <Filter>Source Files</Filter>
    </ClCompile>
    <ClCompile Include="..\libproj\pj_gridlist.c">
      <Filter>Source Files</Filter>
    </ClCompile>
    <ClCompile Include="..\libproj\PJ_hammer.c">
      <Filter>Source Files</Filter>
    </ClCompile>
    <ClCompile Include="..\libproj\PJ_hatano.c">
      <Filter>Source Files</Filter>
    </ClCompile>
    <ClCompile Include="..\libproj\PJ_imw_p.c">
      <Filter>Source Files</Filter>
    </ClCompile>
    <ClCompile Include="..\libproj\pj_init.c">
      <Filter>Source Files</Filter>
    </ClCompile>
    <ClCompile Include="..\libproj\pj_inv.c">
      <Filter>Source Files</Filter>
    </ClCompile>
    <ClCompile Include="..\libproj\PJ_krovak.c">
      <Filter>Source Files</Filter>
    </ClCompile>
    <ClCompile Include="..\libproj\PJ_labrd.c">
      <Filter>Source Files</Filter>
    </ClCompile>
    <ClCompile Include="..\libproj\PJ_laea.c">
      <Filter>Source Files</Filter>
    </ClCompile>
    <ClCompile Include="..\libproj\PJ_lagrng.c">
      <Filter>Source Files</Filter>
    </ClCompile>
    <ClCompile Include="..\libproj\PJ_larr.c">
      <Filter>Source Files</Filter>
    </ClCompile>
    <ClCompile Include="..\libproj\PJ_lask.c">
      <Filter>Source Files</Filter>
    </ClCompile>
    <ClCompile Include="..\libproj\pj_latlong.c">
      <Filter>Source Files</Filter>
    </ClCompile>
    <ClCompile Include="..\libproj\PJ_lcc.c">
      <Filter>Source Files</Filter>
    </ClCompile>
    <ClCompile Include="..\libproj\PJ_lcca.c">
      <Filter>Source Files</Filter>
    </ClCompile>
    <ClCompile Include="..\libproj\pj_list.c">
      <Filter>Source Files</Filter>
    </ClCompile>
    <ClCompile Include="..\libproj\PJ_loxim.c">
      <Filter>Source Files</Filter>
    </ClCompile>
    <ClCompile Include="..\libproj\PJ_lsat.c">
      <Filter>Source Files</Filter>
    </ClCompile>
    <ClCompile Include="..\libproj\pj_malloc.c">
      <Filter>Source Files</Filter>
    </ClCompile>
    <ClCompile Include="..\libproj\PJ_mbt_fps.c">
      <Filter>Source Files</Filter>
    </ClCompile>
    <ClCompile Include="..\libproj\PJ_mbtfpp.c">
      <Filter>Source Files</Filter>
    </ClCompile>
    <ClCompile Include="..\libproj\PJ_mbtfpq.c">
      <Filter>Source Files</Filter>
    </ClCompile>
    <ClCompile Include="..\libproj\PJ_merc.c">
      <Filter>Source Files</Filter>
    </ClCompile>
    <ClCompile Include="..\libproj\PJ_mill.c">
      <Filter>Source Files</Filter>
    </ClCompile>
    <ClCompile Include="..\libproj\pj_mlfn.c">
      <Filter>Source Files</Filter>
    </ClCompile>
    <ClCompile Include="..\libproj\PJ_mod_ster.c">
      <Filter>Source Files</Filter>
    </ClCompile>
    <ClCompile Include="..\libproj\PJ_moll.c">
      <Filter>Source Files</Filter>
    </ClCompile>
    <ClCompile Include="..\libproj\PJ_mpoly.c">
      <Filter>Source Files</Filter>
    </ClCompile>
    <ClCompile Include="..\libproj\pj_msfn.c">
      <Filter>Source Files</Filter>
    </ClCompile>
    <ClCompile Include="..\libproj\PJ_nell.c">
      <Filter>Source Files</Filter>
    </ClCompile>
    <ClCompile Include="..\libproj\PJ_nell_h.c">
      <Filter>Source Files</Filter>
    </ClCompile>
    <ClCompile Include="..\libproj\PJ_nocol.c">
      <Filter>Source Files</Filter>
    </ClCompile>
    <ClCompile Include="..\libproj\PJ_nsper.c">
      <Filter>Source Files</Filter>
    </ClCompile>
    <ClCompile Include="..\libproj\PJ_nzmg.c">
      <Filter>Source Files</Filter>
    </ClCompile>
    <ClCompile Include="..\libproj\PJ_ob_tran.c">
      <Filter>Source Files</Filter>
    </ClCompile>
    <ClCompile Include="..\libproj\PJ_ocea.c">
      <Filter>Source Files</Filter>
    </ClCompile>
    <ClCompile Include="..\libproj\PJ_oea.c">
      <Filter>Source Files</Filter>
    </ClCompile>
    <ClCompile Include="..\libproj\PJ_omerc.c">
      <Filter>Source Files</Filter>
    </ClCompile>
    <ClCompile Include="..\libproj\pj_open_lib.c">
      <Filter>Source Files</Filter>
    </ClCompile>
    <ClCompile Include="..\libproj\PJ_ortho.c">
      <Filter>Source Files</Filter>
    </ClCompile>
    <ClCompile Include="..\libproj\pj_param.c">
      <Filter>Source Files</Filter>
    </ClCompile>
    <ClCompile Include="..\libproj\pj_phi2.c">
      <Filter>Source Files</Filter>
    </ClCompile>
    <ClCompile Include="..\libproj\PJ_poly.c">
      <Filter>Source Files</Filter>
    </ClCompile>
    <ClCompile Include="..\libproj\pj_pr_list.c">
      <Filter>Source Files</Filter>
    </ClCompile>
    <ClCompile Include="..\libproj\PJ_putp2.c">
      <Filter>Source Files</Filter>
    </ClCompile>
    <ClCompile Include="..\libproj\PJ_putp3.c">
      <Filter>Source Files</Filter>
    </ClCompile>
    <ClCompile Include="..\libproj\PJ_putp4p.c">
      <Filter>Source Files</Filter>
    </ClCompile>
    <ClCompile Include="..\libproj\PJ_putp5.c">
      <Filter>Source Files</Filter>
    </ClCompile>
    <ClCompile Include="..\libproj\PJ_putp6.c">
      <Filter>Source Files</Filter>
    </ClCompile>
    <ClCompile Include="..\libproj\pj_qsfn.c">
      <Filter>Source Files</Filter>
    </ClCompile>
    <ClCompile Include="..\libproj\pj_release.c">
      <Filter>Source Files</Filter>
    </ClCompile>
    <ClCompile Include="..\libproj\PJ_robin.c">
      <Filter>Source Files</Filter>
    </ClCompile>
    <ClCompile Include="..\libproj\PJ_rpoly.c">
      <Filter>Source Files</Filter>
    </ClCompile>
    <ClCompile Include="..\libproj\PJ_sconics.c">
      <Filter>Source Files</Filter>
    </ClCompile>
    <ClCompile Include="..\libproj\PJ_somerc.c">
      <Filter>Source Files</Filter>
    </ClCompile>
    <ClCompile Include="..\libproj\PJ_stere.c">
      <Filter>Source Files</Filter>
    </ClCompile>
    <ClCompile Include="..\libproj\PJ_sterea.c">
      <Filter>Source Files</Filter>
    </ClCompile>
    <ClCompile Include="..\libproj\pj_strerrno.c">
      <Filter>Source Files</Filter>
    </ClCompile>
    <ClCompile Include="..\libproj\PJ_sts.c">
      <Filter>Source Files</Filter>
    </ClCompile>
    <ClCompile Include="..\libproj\PJ_tcc.c">
      <Filter>Source Files</Filter>
    </ClCompile>
    <ClCompile Include="..\libproj\PJ_tcea.c">
      <Filter>Source Files</Filter>
    </ClCompile>
    <ClCompile Include="..\libproj\PJ_tmerc.c">
      <Filter>Source Files</Filter>
    </ClCompile>
    <ClCompile Include="..\libproj\PJ_tpeqd.c">
      <Filter>Source Files</Filter>
    </ClCompile>
    <ClCompile Include="..\libproj\pj_transform.c">
      <Filter>Source Files</Filter>
    </ClCompile>
    <ClCompile Include="..\libproj\pj_tsfn.c">
      <Filter>Source Files</Filter>
    </ClCompile>
    <ClCompile Include="..\libproj\pj_units.c">
      <Filter>Source Files</Filter>
    </ClCompile>
    <ClCompile Include="..\libproj\PJ_urm5.c">
      <Filter>Source Files</Filter>
    </ClCompile>
    <ClCompile Include="..\libproj\PJ_urmfps.c">
      <Filter>Source Files</Filter>
    </ClCompile>
    <ClCompile Include="..\libproj\pj_utils.c">
      <Filter>Source Files</Filter>
    </ClCompile>
    <ClCompile Include="..\libproj\PJ_vandg.c">
      <Filter>Source Files</Filter>
    </ClCompile>
    <ClCompile Include="..\libproj\PJ_vandg2.c">
      <Filter>Source Files</Filter>
    </ClCompile>
    <ClCompile Include="..\libproj\PJ_vandg4.c">
      <Filter>Source Files</Filter>
    </ClCompile>
    <ClCompile Include="..\libproj\PJ_wag2.c">
      <Filter>Source Files</Filter>
    </ClCompile>
    <ClCompile Include="..\libproj\PJ_wag3.c">
      <Filter>Source Files</Filter>
    </ClCompile>
    <ClCompile Include="..\libproj\PJ_wag7.c">
      <Filter>Source Files</Filter>
    </ClCompile>
    <ClCompile Include="..\libproj\PJ_wink1.c">
      <Filter>Source Files</Filter>
    </ClCompile>
    <ClCompile Include="..\libproj\PJ_wink2.c">
      <Filter>Source Files</Filter>
    </ClCompile>
    <ClCompile Include="..\libproj\pj_zpoly1.c">
      <Filter>Source Files</Filter>
    </ClCompile>
    <ClCompile Include="..\libproj\rtodms.c">
      <Filter>Source Files</Filter>
    </ClCompile>
    <ClCompile Include="..\libproj\vector1.c">
      <Filter>Source Files</Filter>
    </ClCompile>
  </ItemGroup>
  <ItemGroup>
    <ClInclude Include="..\libproj\emess.h">
      <Filter>Header Files</Filter>
    </ClInclude>
    <ClInclude Include="..\libproj\geocent.h">
      <Filter>Header Files</Filter>
    </ClInclude>
    <ClInclude Include="..\libproj\geodesic.h">
      <Filter>Header Files</Filter>
    </ClInclude>
    <ClInclude Include="..\libproj\nad_list.h">
      <Filter>Header Files</Filter>
    </ClInclude>
    <ClInclude Include="..\libproj\org_proj4_Projections.h">
      <Filter>Header Files</Filter>
    </ClInclude>
    <ClInclude Include="..\libproj\pj_list.h">
      <Filter>Header Files</Filter>
    </ClInclude>
    <ClInclude Include="..\libproj\proj_api.h">
      <Filter>Header Files</Filter>
    </ClInclude>
    <ClInclude Include="..\libproj\proj_config.h">
      <Filter>Header Files</Filter>
    </ClInclude>
    <ClInclude Include="..\libproj\projects.h">
      <Filter>Header Files</Filter>
    </ClInclude>
  </ItemGroup>
</Project>