<?xml version="1.0" encoding="utf-8"?>
<Project ToolsVersion="4.0" xmlns="http://schemas.microsoft.com/developer/msbuild/2003">
  <ItemGroup>
    <Filter Include="Source Files">
      <UniqueIdentifier>{f0c7aff5-a214-42f4-ba9c-e42a602f8f94}</UniqueIdentifier>
      <Extensions>cpp;c;cxx;rc;def;r;odl;idl;hpj;bat</Extensions>
    </Filter>
    <Filter Include="Source Files\csv">
      <UniqueIdentifier>{385804e2-cfba-43f7-81a1-577650fd0920}</UniqueIdentifier>
    </Filter>
    <Filter Include="Header Files">
      <UniqueIdentifier>{d45f46e4-d2c3-4218-921b-c1840ff5d466}</UniqueIdentifier>
      <Extensions>h;hpp;hxx;hm;inl</Extensions>
    </Filter>
  </ItemGroup>
  <ItemGroup>
    <ClCompile Include="..\libjasper\tiffgeo\csv\datum.c">
      <Filter>Source Files\csv</Filter>
    </ClCompile>
    <ClCompile Include="..\libjasper\tiffgeo\csv\ellipsoid.c">
      <Filter>Source Files\csv</Filter>
    </ClCompile>
    <ClCompile Include="..\libjasper\tiffgeo\csv\gcs.c">
      <Filter>Source Files\csv</Filter>
    </ClCompile>
    <ClCompile Include="..\libjasper\tiffgeo\csv\pcs.c">
      <Filter>Source Files\csv</Filter>
    </ClCompile>
    <ClCompile Include="..\libjasper\tiffgeo\csv\prime_meridian.c">
      <Filter>Source Files\csv</Filter>
    </ClCompile>
    <ClCompile Include="..\libjasper\tiffgeo\csv\projop_wparm.c">
      <Filter>Source Files\csv</Filter>
    </ClCompile>
    <ClCompile Include="..\libjasper\tiffgeo\csv\unit_of_measure.c">
      <Filter>Source Files\csv</Filter>
    </ClCompile>
    <ClCompile Include="..\libjasper\tiffgeo\cpl_csv_incode.c">
      <Filter>Source Files</Filter>
    </ClCompile>
    <ClCompile Include="..\libjasper\tiffgeo\cpl_serv.c">
      <Filter>Source Files</Filter>
    </ClCompile>
    <ClCompile Include="..\libjasper\tiffgeo\fax3sm_winnt.c">
      <Filter>Source Files</Filter>
    </ClCompile>
    <ClCompile Include="..\libjasper\tiffgeo\geo_extra.c">
      <Filter>Source Files</Filter>
    </ClCompile>
    <ClCompile Include="..\libjasper\tiffgeo\geo_free.c">
      <Filter>Source Files</Filter>
    </ClCompile>
    <ClCompile Include="..\libjasper\tiffgeo\geo_get.c">
      <Filter>Source Files</Filter>
    </ClCompile>
    <ClCompile Include="..\libjasper\tiffgeo\geo_names.c">
      <Filter>Source Files</Filter>
    </ClCompile>
    <ClCompile Include="..\libjasper\tiffgeo\geo_new.c">
      <Filter>Source Files</Filter>
    </ClCompile>
    <ClCompile Include="..\libjasper\tiffgeo\geo_normalize.c">
      <Filter>Source Files</Filter>
    </ClCompile>
    <ClCompile Include="..\libjasper\tiffgeo\geo_print.c">
      <Filter>Source Files</Filter>
    </ClCompile>
    <ClCompile Include="..\libjasper\tiffgeo\geo_set.c">
      <Filter>Source Files</Filter>
    </ClCompile>
    <ClCompile Include="..\libjasper\tiffgeo\geo_tiffp.c">
      <Filter>Source Files</Filter>
    </ClCompile>
    <ClCompile Include="..\libjasper\tiffgeo\geo_trans.c">
      <Filter>Source Files</Filter>
    </ClCompile>
    <ClCompile Include="..\libjasper\tiffgeo\geo_write.c">
      <Filter>Source Files</Filter>
    </ClCompile>
    <ClCompile Include="..\libjasper\tiffgeo\geotiff_proj4.c">
      <Filter>Source Files</Filter>
    </ClCompile>
    <ClCompile Include="..\libjasper\tiffgeo\tif_aux.c">
      <Filter>Source Files</Filter>
    </ClCompile>
    <ClCompile Include="..\libjasper\tiffgeo\tif_close.c">
      <Filter>Source Files</Filter>
    </ClCompile>
    <ClCompile Include="..\libjasper\tiffgeo\tif_codec.c">
      <Filter>Source Files</Filter>
    </ClCompile>
    <ClCompile Include="..\libjasper\tiffgeo\tif_color.c">
      <Filter>Source Files</Filter>
    </ClCompile>
    <ClCompile Include="..\libjasper\tiffgeo\tif_compress.c">
      <Filter>Source Files</Filter>
    </ClCompile>
    <ClCompile Include="..\libjasper\tiffgeo\tif_dir.c">
      <Filter>Source Files</Filter>
    </ClCompile>
    <ClCompile Include="..\libjasper\tiffgeo\tif_dirinfo.c">
      <Filter>Source Files</Filter>
    </ClCompile>
    <ClCompile Include="..\libjasper\tiffgeo\tif_dirread.c">
      <Filter>Source Files</Filter>
    </ClCompile>
    <ClCompile Include="..\libjasper\tiffgeo\tif_dirwrite.c">
      <Filter>Source Files</Filter>
    </ClCompile>
    <ClCompile Include="..\libjasper\tiffgeo\tif_dumpmode.c">
      <Filter>Source Files</Filter>
    </ClCompile>
    <ClCompile Include="..\libjasper\tiffgeo\tif_error.c">
      <Filter>Source Files</Filter>
    </ClCompile>
    <ClCompile Include="..\libjasper\tiffgeo\tif_extension.c">
      <Filter>Source Files</Filter>
    </ClCompile>
    <ClCompile Include="..\libjasper\tiffgeo\tif_fax3.c">
      <Filter>Source Files</Filter>
    </ClCompile>
    <ClCompile Include="..\libjasper\tiffgeo\tif_flush.c">
      <Filter>Source Files</Filter>
    </ClCompile>
    <ClCompile Include="..\libjasper\tiffgeo\tif_getimage.c">
      <Filter>Source Files</Filter>
    </ClCompile>
    <ClCompile Include="..\libjasper\tiffgeo\tif_jpeg.c">
      <Filter>Source Files</Filter>
    </ClCompile>
    <ClCompile Include="..\libjasper\tiffgeo\tif_luv.c">
      <Filter>Source Files</Filter>
    </ClCompile>
    <ClCompile Include="..\libjasper\tiffgeo\tif_lzw.c">
      <Filter>Source Files</Filter>
    </ClCompile>
    <ClCompile Include="..\libjasper\tiffgeo\tif_next.c">
      <Filter>Source Files</Filter>
    </ClCompile>
    <ClCompile Include="..\libjasper\tiffgeo\tif_ojpeg.c">
      <Filter>Source Files</Filter>
    </ClCompile>
    <ClCompile Include="..\libjasper\tiffgeo\tif_open.c">
      <Filter>Source Files</Filter>
    </ClCompile>
    <ClCompile Include="..\libjasper\tiffgeo\tif_packbits.c">
      <Filter>Source Files</Filter>
    </ClCompile>
    <ClCompile Include="..\libjasper\tiffgeo\tif_pixarlog.c">
      <Filter>Source Files</Filter>
    </ClCompile>
    <ClCompile Include="..\libjasper\tiffgeo\tif_predict.c">
      <Filter>Source Files</Filter>
    </ClCompile>
    <ClCompile Include="..\libjasper\tiffgeo\tif_print.c">
      <Filter>Source Files</Filter>
    </ClCompile>
    <ClCompile Include="..\libjasper\tiffgeo\tif_read.c">
      <Filter>Source Files</Filter>
    </ClCompile>
    <ClCompile Include="..\libjasper\tiffgeo\tif_strip.c">
      <Filter>Source Files</Filter>
    </ClCompile>
    <ClCompile Include="..\libjasper\tiffgeo\tif_swab.c">
      <Filter>Source Files</Filter>
    </ClCompile>
    <ClCompile Include="..\libjasper\tiffgeo\tif_thunder.c">
      <Filter>Source Files</Filter>
    </ClCompile>
    <ClCompile Include="..\libjasper\tiffgeo\tif_tile.c">
      <Filter>Source Files</Filter>
    </ClCompile>
    <ClCompile Include="..\libjasper\tiffgeo\tif_version.c">
      <Filter>Source Files</Filter>
    </ClCompile>
    <ClCompile Include="..\libjasper\tiffgeo\tif_warning.c">
      <Filter>Source Files</Filter>
    </ClCompile>
    <ClCompile Include="..\libjasper\tiffgeo\tif_win32.c">
      <Filter>Source Files</Filter>
    </ClCompile>
    <ClCompile Include="..\libjasper\tiffgeo\tif_write.c">
      <Filter>Source Files</Filter>
    </ClCompile>
    <ClCompile Include="..\libjasper\tiffgeo\tif_zip.c">
      <Filter>Source Files</Filter>
    </ClCompile>
    <ClCompile Include="..\libjasper\tiffgeo\xtiff.c">
      <Filter>Source Files</Filter>
    </ClCompile>
  </ItemGroup>
  <ItemGroup>
    <ClInclude Include="..\libjasper\tiffgeo\port.h">
      <Filter>Header Files</Filter>
    </ClInclude>
    <ClInclude Include="..\libjasper\tiffgeo\t4.h">
      <Filter>Header Files</Filter>
    </ClInclude>
    <ClInclude Include="..\libjasper\tiffgeo\tif_dir.h">
      <Filter>Header Files</Filter>
    </ClInclude>
    <ClInclude Include="..\libjasper\tiffgeo\tif_fax3.h">
      <Filter>Header Files</Filter>
    </ClInclude>
    <ClInclude Include="..\libjasper\tiffgeo\tif_predict.h">
      <Filter>Header Files</Filter>
    </ClInclude>
    <ClInclude Include="..\libjasper\tiffgeo\tiff.h">
      <Filter>Header Files</Filter>
    </ClInclude>
    <ClInclude Include="..\libjasper\tiffgeo\tiffcomp.h">
      <Filter>Header Files</Filter>
    </ClInclude>
    <ClInclude Include="..\libjasper\tiffgeo\tiffconf.h">
      <Filter>Header Files</Filter>
    </ClInclude>
    <ClInclude Include="..\libjasper\tiffgeo\tiffio.h">
      <Filter>Header Files</Filter>
    </ClInclude>
    <ClInclude Include="..\libjasper\tiffgeo\tiffiop.h">
      <Filter>Header Files</Filter>
    </ClInclude>
    <ClInclude Include="..\libjasper\tiffgeo\version.h">
      <Filter>Header Files</Filter>
    </ClInclude>
  </ItemGroup>
</Project>