<?xml version="1.0" encoding="UTF-8" standalone="yes" ?>
<CodeBlocks_project_file>
	<FileVersion major="1" minor="6" />
	<Project>
		<Option title="WorldEditor" />
		<Option makefile_is_custom="1" />
		<Option execution_dir="../../../xptools" />
		<Option pch_mode="2" />
		<Option compiler="gcc" />
		<Build>
			<Target title="Release-opt">
				<Option output="../../build/Linux/debug/WED" prefix_auto="0" extension_auto="0" />
				<Option working_dir="~" />
				<Option object_output="./" />
				<Option type="0" />
				<Option compiler="gcc" />
				<Compiler>
					<Add option="-g" />
				</Compiler>
				<MakeCommands>
					<Build command="conf=release_opt $make -j4 WED" />
					<CompileFile command="conf=release_opt $make $file" />
					<Clean command="$make clean" />
					<DistClean command="$make -f $makefile distclean$target" />
					<AskRebuildNeeded command="conf=release_opt $make -q WED" />
					<SilentBuild command="conf=release_opt $make -j4 WED &gt; $(CMD_NULL)" />
				</MakeCommands>
			</Target>
			<Target title="Debug">
				<Option output="../../build/Linux/debug/WED" prefix_auto="0" extension_auto="0" />
				<Option working_dir="~" />
				<Option object_output="./" />
				<Option type="1" />
				<Option compiler="gcc" />
				<Option use_console_runner="0" />
				<Compiler>
					<Add option="-g" />
				</Compiler>
				<MakeCommands>
					<Build command="conf=debug $make -j4 WED" />
					<CompileFile command="conf=debug $make $file" />
					<Clean command="$make clean" />
					<DistClean command="$make -f $makefile distclean$target" />
					<AskRebuildNeeded command="conf=debug $make -q WED" />
					<SilentBuild command="conf=debug $make -j4 WED &gt; $(CMD_NULL)" />
				</MakeCommands>
			</Target>
			<Target title="(default)">
				<Option output="../../build/Linux/debug/WED" prefix_auto="0" extension_auto="0" />
				<Option working_dir="~" />
				<Option object_output="./" />
				<Option type="1" />
				<Option compiler="gcc" />
				<Option use_console_runner="0" />
				<Compiler>
					<Add option="-g" />
				</Compiler>
				<MakeCommands>
					<Build command="$make -j4 WED" />
					<CompileFile command="$make $file" />
					<Clean command="$make clean" />
					<DistClean command="$make -f $makefile distclean$target" />
					<AskRebuildNeeded command="$make -q WED" />
					<SilentBuild command="$make -j4 WED &gt; $(CMD_NULL)" />
				</MakeCommands>
			</Target>
		</Build>
		<Compiler>
			<Add option="-Wall" />
			<Add option="-fexceptions" />
		</Compiler>
		<Unit filename="../../src/DSF/DSFDefs.h" />
		<Unit filename="../../src/DSF/DSFLib.cpp" />
		<Unit filename="../../src/DSF/DSFLib.h" />
		<Unit filename="../../src/DSF/DSFLibWrite.cpp" />
		<Unit filename="../../src/DSF/DSFPointPool.cpp" />
		<Unit filename="../../src/DSF/DSFPointPool.h" />
		<Unit filename="../../src/DSF/tri_stripper_101/cache_simulator.h" />
		<Unit filename="../../src/DSF/tri_stripper_101/graph_array.h" />
		<Unit filename="../../src/DSF/tri_stripper_101/heap_array.h" />
		<Unit filename="../../src/DSF/tri_stripper_101/stdafx.h" />
		<Unit filename="../../src/DSF/tri_stripper_101/tri_stripper.cpp" />
		<Unit filename="../../src/DSF/tri_stripper_101/tri_stripper.h" />
		<Unit filename="../../src/DSFTools/DSF2Text.cpp" />
		<Unit filename="../../src/DSFTools/DSF2Text.h" />
		<Unit filename="../../src/GUI/GUI_Application.cpp" />
		<Unit filename="../../src/GUI/GUI_Application.h" />
		<Unit filename="../../src/GUI/GUI_Broadcaster.cpp" />
		<Unit filename="../../src/GUI/GUI_Broadcaster.h" />
		<Unit filename="../../src/GUI/GUI_Button.cpp" />
		<Unit filename="../../src/GUI/GUI_Button.h" />
		<Unit filename="../../src/GUI/GUI_ChangeView.cpp" />
		<Unit filename="../../src/GUI/GUI_ChangeView.h" />
		<Unit filename="../../src/GUI/GUI_Clipboard.cpp" />
		<Unit filename="../../src/GUI/GUI_Clipboard.h" />
		<Unit filename="../../src/GUI/GUI_Commander.cpp" />
		<Unit filename="../../src/GUI/GUI_Commander.h" />
		<Unit filename="../../src/GUI/GUI_Control.cpp" />
		<Unit filename="../../src/GUI/GUI_Control.h" />
		<Unit filename="../../src/GUI/GUI_Defs.h" />
		<Unit filename="../../src/GUI/GUI_Destroyable.cpp" />
		<Unit filename="../../src/GUI/GUI_Destroyable.h" />
		<Unit filename="../../src/GUI/GUI_DrawUtils.cpp" />
		<Unit filename="../../src/GUI/GUI_DrawUtils.h" />
		<Unit filename="../../src/GUI/GUI_FilterBar.cpp" />
		<Unit filename="../../src/GUI/GUI_FilterBar.h" />
		<Unit filename="../../src/GUI/GUI_Fonts.cpp" />
		<Unit filename="../../src/GUI/GUI_Fonts.h" />
		<Unit filename="../../src/GUI/GUI_FormWindow.cpp" />
		<Unit filename="../../src/GUI/GUI_FormWindow.h" />
		<Unit filename="../../src/GUI/GUI_GraphState.cpp" />
		<Unit filename="../../src/GUI/GUI_GraphState.h" />
		<Unit filename="../../src/GUI/GUI_Help.cpp" />
		<Unit filename="../../src/GUI/GUI_Help.h" />
		<Unit filename="../../src/GUI/GUI_Label.cpp" />
		<Unit filename="../../src/GUI/GUI_Label.h" />
		<Unit filename="../../src/GUI/GUI_Listener.cpp" />
		<Unit filename="../../src/GUI/GUI_Listener.h" />
		<Unit filename="../../src/GUI/GUI_MemoryHog.cpp" />
		<Unit filename="../../src/GUI/GUI_MemoryHog.h" />
		<Unit filename="../../src/GUI/GUI_Menus.h" />
		<Unit filename="../../src/GUI/GUI_Messages.h" />
		<Unit filename="../../src/GUI/GUI_Packer.cpp" />
		<Unit filename="../../src/GUI/GUI_Packer.h" />
		<Unit filename="../../src/GUI/GUI_Pane.cpp" />
		<Unit filename="../../src/GUI/GUI_Pane.h" />
		<Unit filename="../../src/GUI/GUI_PopupButton.cpp" />
		<Unit filename="../../src/GUI/GUI_PopupButton.h" />
		<Unit filename="../../src/GUI/GUI_Prefs.cpp" />
		<Unit filename="../../src/GUI/GUI_Prefs.h" />
		<Unit filename="../../src/GUI/GUI_Resources.cpp" />
		<Unit filename="../../src/GUI/GUI_Resources.h" />
		<Unit filename="../../src/GUI/GUI_ScrollBar.cpp" />
		<Unit filename="../../src/GUI/GUI_ScrollBar.h" />
		<Unit filename="../../src/GUI/GUI_ScrollerPane.cpp" />
		<Unit filename="../../src/GUI/GUI_ScrollerPane.h" />
		<Unit filename="../../src/GUI/GUI_SimpleScroller.cpp" />
		<Unit filename="../../src/GUI/GUI_SimpleScroller.h" />
		<Unit filename="../../src/GUI/GUI_SimpleTableGeometry.cpp" />
		<Unit filename="../../src/GUI/GUI_SimpleTableGeometry.h" />
		<Unit filename="../../src/GUI/GUI_Splitter.cpp" />
		<Unit filename="../../src/GUI/GUI_Splitter.h" />
		<Unit filename="../../src/GUI/GUI_TabControl.cpp" />
		<Unit filename="../../src/GUI/GUI_TabControl.h" />
		<Unit filename="../../src/GUI/GUI_TabPane.cpp" />
		<Unit filename="../../src/GUI/GUI_TabPane.h" />
		<Unit filename="../../src/GUI/GUI_Table.cpp" />
		<Unit filename="../../src/GUI/GUI_Table.h" />
		<Unit filename="../../src/GUI/GUI_TextField.cpp" />
		<Unit filename="../../src/GUI/GUI_TextField.h" />
		<Unit filename="../../src/GUI/GUI_TextTable.cpp" />
		<Unit filename="../../src/GUI/GUI_TextTable.h" />
		<Unit filename="../../src/GUI/GUI_Timer.cpp" />
		<Unit filename="../../src/GUI/GUI_Timer.h" />
		<Unit filename="../../src/GUI/GUI_ToolBar.cpp" />
		<Unit filename="../../src/GUI/GUI_ToolBar.h" />
		<Unit filename="../../src/GUI/GUI_Unicode.cpp" />
		<Unit filename="../../src/GUI/GUI_Unicode.h" />
		<Unit filename="../../src/GUI/GUI_Window.cpp" />
		<Unit filename="../../src/GUI/GUI_Window.h" />
		<Unit filename="../../src/Network/b64.c">
			<Option compilerVar="CC" />
		</Unit>
		<Unit filename="../../src/OGLE/ogle.cpp" />
		<Unit filename="../../src/OGLE/ogle.h" />
		<Unit filename="../../src/Obj/ObjDraw.cpp" />
		<Unit filename="../../src/Obj/ObjDraw.h" />
		<Unit filename="../../src/Obj/ObjPointPool.cpp" />
		<Unit filename="../../src/Obj/ObjPointPool.h" />
		<Unit filename="../../src/Obj/XObjDefs.cpp" />
		<Unit filename="../../src/Obj/XObjDefs.h" />
		<Unit filename="../../src/Obj/XObjReadWrite.cpp" />
		<Unit filename="../../src/Obj/XObjReadWrite.h" />
		<Unit filename="../../src/Utils/AssertUtils.cpp" />
		<Unit filename="../../src/Utils/AssertUtils.h" />
		<Unit filename="../../src/Utils/BWImage.cpp" />
		<Unit filename="../../src/Utils/BWImage.h" />
		<Unit filename="../../src/Utils/BitmapUtils.cpp" />
		<Unit filename="../../src/Utils/BitmapUtils.h" />
		<Unit filename="../../src/Utils/CSVParser.cpp" />
		<Unit filename="../../src/Utils/CSVParser.h" />
		<Unit filename="../../src/Utils/CompGeomUtils.cpp" />
		<Unit filename="../../src/Utils/CompGeomUtils.h" />
		<Unit filename="../../src/Utils/EndianUtils.c">
			<Option compilerVar="CC" />
		</Unit>
		<Unit filename="../../src/Utils/EndianUtils.h" />
		<Unit filename="../../src/Utils/FileUtils.cpp" />
		<Unit filename="../../src/Utils/FileUtils.h" />
		<Unit filename="../../src/Utils/GISUtils.cpp" />
		<Unit filename="../../src/Utils/GISUtils.h" />
		<Unit filename="../../src/Utils/MatrixUtils.cpp" />
		<Unit filename="../../src/Utils/MatrixUtils.h" />
		<Unit filename="../../src/Utils/MemFileUtils.cpp" />
		<Unit filename="../../src/Utils/MemFileUtils.h" />
		<Unit filename="../../src/Utils/ObjUtils.cpp" />
		<Unit filename="../../src/Utils/ObjUtils.h" />
		<Unit filename="../../src/Utils/PlatformUtils.h" />
		<Unit filename="../../src/Utils/PlatformUtils.lin.cpp" />
		<Unit filename="../../src/Utils/PlatformUtils.mac.mm" />
		<Unit filename="../../src/Utils/PlatformUtils.win.cpp" />
		<Unit filename="../../src/Utils/PolyRasterUtils.cpp" />
		<Unit filename="../../src/Utils/PolyRasterUtils.h" />
		<Unit filename="../../src/Utils/STLUtils.cpp" />
		<Unit filename="../../src/Utils/STLUtils.h" />
		<Unit filename="../../src/Utils/TexUtils.cpp" />
		<Unit filename="../../src/Utils/TexUtils.h" />
		<Unit filename="../../src/Utils/XChunkyFileUtils.cpp" />
		<Unit filename="../../src/Utils/XChunkyFileUtils.h" />
		<Unit filename="../../src/Utils/XUtils.cpp" />
		<Unit filename="../../src/Utils/XUtils.h" />
		<Unit filename="../../src/Utils/md5.c">
			<Option compilerVar="CC" />
		</Unit>
		<Unit filename="../../src/Utils/md5.h" />
		<Unit filename="../../src/Utils/unzip.c">
			<Option compilerVar="CC" />
		</Unit>
		<Unit filename="../../src/Utils/unzip.h" />
		<Unit filename="../../src/Utils/zip.c">
			<Option compilerVar="CC" />
		</Unit>
		<Unit filename="../../src/Utils/zip.h" />
		<Unit filename="../../src/WEDCore/README.WorldEditor" />
		<Unit filename="../../src/WEDCore/WED_AppMain.cpp" />
		<Unit filename="../../src/WEDCore/WED_Application.cpp" />
		<Unit filename="../../src/WEDCore/WED_Application.h" />
		<Unit filename="../../src/WEDCore/WED_Archive.cpp" />
		<Unit filename="../../src/WEDCore/WED_Archive.h" />
		<Unit filename="../../src/WEDCore/WED_Assert.cpp" />
		<Unit filename="../../src/WEDCore/WED_Assert.h" />
		<Unit filename="../../src/WEDCore/WED_Buffer.cpp" />
		<Unit filename="../../src/WEDCore/WED_Buffer.h" />
		<Unit filename="../../src/WEDCore/WED_Clipping.cpp" />
		<Unit filename="../../src/WEDCore/WED_Clipping.h" />
		<Unit filename="../../src/WEDCore/WED_Document.cpp" />
		<Unit filename="../../src/WEDCore/WED_Document.h" />
		<Unit filename="../../src/WEDCore/WED_EnumSystem.cpp" />
		<Unit filename="../../src/WEDCore/WED_EnumSystem.h" />
		<Unit filename="../../src/WEDCore/WED_Enums.h" />
		<Unit filename="../../src/WEDCore/WED_Errors.cpp" />
		<Unit filename="../../src/WEDCore/WED_Errors.h" />
		<Unit filename="../../src/WEDCore/WED_FastBuffer.cpp" />
		<Unit filename="../../src/WEDCore/WED_FastBuffer.h" />
		<Unit filename="../../src/WEDCore/WED_GISUtils.cpp" />
		<Unit filename="../../src/WEDCore/WED_GISUtils.h" />
		<Unit filename="../../src/WEDCore/WED_Globals.cpp" />
		<Unit filename="../../src/WEDCore/WED_Globals.h" />
		<Unit filename="../../src/WEDCore/WED_HierarchyUtils.cpp" />
		<Unit filename="../../src/WEDCore/WED_HierarchyUtils.h" />
		<Unit filename="../../src/WEDCore/WED_LibraryMgr.cpp" />
		<Unit filename="../../src/WEDCore/WED_LibraryMgr.h" />
		<Unit filename="../../src/WEDCore/WED_Messages.h" />
		<Unit filename="../../src/WEDCore/WED_Orthophoto.cpp" />
		<Unit filename="../../src/WEDCore/WED_Orthophoto.h" />
		<Unit filename="../../src/WEDCore/WED_Package.cpp" />
		<Unit filename="../../src/WEDCore/WED_Package.h" />
		<Unit filename="../../src/WEDCore/WED_PackageMgr.cpp" />
		<Unit filename="../../src/WEDCore/WED_PackageMgr.h" />
		<Unit filename="../../src/WEDCore/WED_Persistent.cpp" />
		<Unit filename="../../src/WEDCore/WED_Persistent.h" />
		<Unit filename="../../src/WEDCore/WED_Properties.cpp" />
		<Unit filename="../../src/WEDCore/WED_Properties.h" />
		<Unit filename="../../src/WEDCore/WED_PropertyHelper.cpp" />
		<Unit filename="../../src/WEDCore/WED_PropertyHelper.h" />
		<Unit filename="../../src/WEDCore/WED_ResourceMgr.cpp" />
		<Unit filename="../../src/WEDCore/WED_ResourceMgr.h" />
		<Unit filename="../../src/WEDCore/WED_Sign_Parser.cpp" />
		<Unit filename="../../src/WEDCore/WED_Sign_Parser.h" />
		<Unit filename="../../src/WEDCore/WED_TCEDebugLayer.cpp" />
		<Unit filename="../../src/WEDCore/WED_TCEDebugLayer.h" />
		<Unit filename="../../src/WEDCore/WED_TexMgr.cpp" />
		<Unit filename="../../src/WEDCore/WED_TexMgr.h" />
		<Unit filename="../../src/WEDCore/WED_UndoLayer.cpp" />
		<Unit filename="../../src/WEDCore/WED_UndoLayer.h" />
		<Unit filename="../../src/WEDCore/WED_UndoMgr.cpp" />
		<Unit filename="../../src/WEDCore/WED_UndoMgr.h" />
		<Unit filename="../../src/WEDCore/WED_Url.h" />
		<Unit filename="../../src/WEDCore/WED_Validate.cpp" />
		<Unit filename="../../src/WEDCore/WED_Validate.h" />
		<Unit filename="../../src/WEDCore/WED_ValidateATCRunwayChecks.cpp" />
		<Unit filename="../../src/WEDCore/WED_ValidateATCRunwayChecks.h" />
		<Unit filename="../../src/WEDCore/WED_Version.h" />
		<Unit filename="../../src/WEDCore/WED_XMLReader.cpp" />
		<Unit filename="../../src/WEDCore/WED_XMLReader.h" />
		<Unit filename="../../src/WEDCore/WED_XMLWriter.cpp" />
		<Unit filename="../../src/WEDCore/WED_XMLWriter.h" />
		<Unit filename="../../src/WEDEntities/WED_ATCFlow.cpp" />
		<Unit filename="../../src/WEDEntities/WED_ATCFlow.h" />
		<Unit filename="../../src/WEDEntities/WED_ATCFrequency.cpp" />
		<Unit filename="../../src/WEDEntities/WED_ATCFrequency.h" />
		<Unit filename="../../src/WEDEntities/WED_ATCRunwayUse.cpp" />
		<Unit filename="../../src/WEDEntities/WED_ATCRunwayUse.h" />
		<Unit filename="../../src/WEDEntities/WED_ATCTimeRule.cpp" />
		<Unit filename="../../src/WEDEntities/WED_ATCTimeRule.h" />
		<Unit filename="../../src/WEDEntities/WED_ATCWindRule.cpp" />
		<Unit filename="../../src/WEDEntities/WED_ATCWindRule.h" />
		<Unit filename="../../src/WEDEntities/WED_Airport.cpp" />
		<Unit filename="../../src/WEDEntities/WED_Airport.h" />
		<Unit filename="../../src/WEDEntities/WED_AirportBeacon.cpp" />
		<Unit filename="../../src/WEDEntities/WED_AirportBeacon.h" />
		<Unit filename="../../src/WEDEntities/WED_AirportBoundary.cpp" />
		<Unit filename="../../src/WEDEntities/WED_AirportBoundary.h" />
		<Unit filename="../../src/WEDEntities/WED_AirportChain.cpp" />
		<Unit filename="../../src/WEDEntities/WED_AirportChain.h" />
		<Unit filename="../../src/WEDEntities/WED_AirportNode.cpp" />
		<Unit filename="../../src/WEDEntities/WED_AirportNode.h" />
		<Unit filename="../../src/WEDEntities/WED_AirportSign.cpp" />
		<Unit filename="../../src/WEDEntities/WED_AirportSign.h" />
		<Unit filename="../../src/WEDEntities/WED_DrapedOrthophoto.cpp" />
		<Unit filename="../../src/WEDEntities/WED_DrapedOrthophoto.h" />
		<Unit filename="../../src/WEDEntities/WED_Entity.cpp" />
		<Unit filename="../../src/WEDEntities/WED_Entity.h" />
		<Unit filename="../../src/WEDEntities/WED_ExclusionZone.cpp" />
		<Unit filename="../../src/WEDEntities/WED_ExclusionZone.h" />
		<Unit filename="../../src/WEDEntities/WED_FacadeNode.cpp" />
		<Unit filename="../../src/WEDEntities/WED_FacadeNode.h" />
		<Unit filename="../../src/WEDEntities/WED_FacadePlacement.cpp" />
		<Unit filename="../../src/WEDEntities/WED_FacadePlacement.h" />
		<Unit filename="../../src/WEDEntities/WED_FacadeRing.cpp" />
		<Unit filename="../../src/WEDEntities/WED_FacadeRing.h" />
		<Unit filename="../../src/WEDEntities/WED_ForestPlacement.cpp" />
		<Unit filename="../../src/WEDEntities/WED_ForestPlacement.h" />
		<Unit filename="../../src/WEDEntities/WED_ForestRing.cpp" />
		<Unit filename="../../src/WEDEntities/WED_ForestRing.h" />
		<Unit filename="../../src/WEDEntities/WED_GISBoundingBox.cpp" />
		<Unit filename="../../src/WEDEntities/WED_GISBoundingBox.h" />
		<Unit filename="../../src/WEDEntities/WED_GISChain.cpp" />
		<Unit filename="../../src/WEDEntities/WED_GISChain.h" />
		<Unit filename="../../src/WEDEntities/WED_GISComposite.cpp" />
		<Unit filename="../../src/WEDEntities/WED_GISComposite.h" />
		<Unit filename="../../src/WEDEntities/WED_GISEdge.cpp" />
		<Unit filename="../../src/WEDEntities/WED_GISEdge.h" />
		<Unit filename="../../src/WEDEntities/WED_GISLine.cpp" />
		<Unit filename="../../src/WEDEntities/WED_GISLine.h" />
		<Unit filename="../../src/WEDEntities/WED_GISLine_Width.cpp" />
		<Unit filename="../../src/WEDEntities/WED_GISLine_Width.h" />
		<Unit filename="../../src/WEDEntities/WED_GISPoint.cpp" />
		<Unit filename="../../src/WEDEntities/WED_GISPoint.h" />
		<Unit filename="../../src/WEDEntities/WED_GISPoint_Bezier.cpp" />
		<Unit filename="../../src/WEDEntities/WED_GISPoint_Bezier.h" />
		<Unit filename="../../src/WEDEntities/WED_GISPoint_Heading.cpp" />
		<Unit filename="../../src/WEDEntities/WED_GISPoint_Heading.h" />
		<Unit filename="../../src/WEDEntities/WED_GISPoint_HeadingWidthLength.cpp" />
		<Unit filename="../../src/WEDEntities/WED_GISPoint_HeadingWidthLength.h" />
		<Unit filename="../../src/WEDEntities/WED_GISPolygon.cpp" />
		<Unit filename="../../src/WEDEntities/WED_GISPolygon.h" />
		<Unit filename="../../src/WEDEntities/WED_Group.cpp" />
		<Unit filename="../../src/WEDEntities/WED_Group.h" />
		<Unit filename="../../src/WEDEntities/WED_Helipad.cpp" />
		<Unit filename="../../src/WEDEntities/WED_Helipad.h" />
		<Unit filename="../../src/WEDEntities/WED_KeyObjects.cpp" />
		<Unit filename="../../src/WEDEntities/WED_KeyObjects.h" />
		<Unit filename="../../src/WEDEntities/WED_LightFixture.cpp" />
		<Unit filename="../../src/WEDEntities/WED_LightFixture.h" />
		<Unit filename="../../src/WEDEntities/WED_LinePlacement.cpp" />
		<Unit filename="../../src/WEDEntities/WED_LinePlacement.h" />
		<Unit filename="../../src/WEDEntities/WED_ObjPlacement.cpp" />
		<Unit filename="../../src/WEDEntities/WED_ObjPlacement.h" />
		<Unit filename="../../src/WEDEntities/WED_OverlayImage.cpp" />
		<Unit filename="../../src/WEDEntities/WED_OverlayImage.h" />
		<Unit filename="../../src/WEDEntities/WED_PolygonPlacement.cpp" />
		<Unit filename="../../src/WEDEntities/WED_PolygonPlacement.h" />
		<Unit filename="../../src/WEDEntities/WED_RampPosition.cpp" />
		<Unit filename="../../src/WEDEntities/WED_RampPosition.h" />
		<Unit filename="../../src/WEDEntities/WED_Ring.cpp" />
		<Unit filename="../../src/WEDEntities/WED_Ring.h" />
		<Unit filename="../../src/WEDEntities/WED_RoadEdge.cpp" />
		<Unit filename="../../src/WEDEntities/WED_RoadEdge.h" />
		<Unit filename="../../src/WEDEntities/WED_RoadNode.cpp" />
		<Unit filename="../../src/WEDEntities/WED_RoadNode.h" />
		<Unit filename="../../src/WEDEntities/WED_Root.cpp" />
		<Unit filename="../../src/WEDEntities/WED_Root.h" />
		<Unit filename="../../src/WEDEntities/WED_Runway.cpp" />
		<Unit filename="../../src/WEDEntities/WED_Runway.h" />
		<Unit filename="../../src/WEDEntities/WED_RunwayNode.cpp" />
		<Unit filename="../../src/WEDEntities/WED_RunwayNode.h" />
		<Unit filename="../../src/WEDEntities/WED_Sealane.cpp" />
		<Unit filename="../../src/WEDEntities/WED_Sealane.h" />
		<Unit filename="../../src/WEDEntities/WED_Select.cpp" />
		<Unit filename="../../src/WEDEntities/WED_Select.h" />
		<Unit filename="../../src/WEDEntities/WED_SimpleBezierBoundaryNode.cpp" />
		<Unit filename="../../src/WEDEntities/WED_SimpleBezierBoundaryNode.h" />
		<Unit filename="../../src/WEDEntities/WED_SimpleBoundaryNode.cpp" />
		<Unit filename="../../src/WEDEntities/WED_SimpleBoundaryNode.h" />
		<Unit filename="../../src/WEDEntities/WED_StringPlacement.cpp" />
		<Unit filename="../../src/WEDEntities/WED_StringPlacement.h" />
		<Unit filename="../../src/WEDEntities/WED_TaxiRoute.cpp" />
		<Unit filename="../../src/WEDEntities/WED_TaxiRoute.h" />
		<Unit filename="../../src/WEDEntities/WED_TaxiRouteNode.cpp" />
		<Unit filename="../../src/WEDEntities/WED_TaxiRouteNode.h" />
		<Unit filename="../../src/WEDEntities/WED_Taxiway.cpp" />
		<Unit filename="../../src/WEDEntities/WED_Taxiway.h" />
		<Unit filename="../../src/WEDEntities/WED_TextureBezierNode.cpp" />
		<Unit filename="../../src/WEDEntities/WED_TextureBezierNode.h" />
		<Unit filename="../../src/WEDEntities/WED_TextureNode.cpp" />
		<Unit filename="../../src/WEDEntities/WED_TextureNode.h" />
		<Unit filename="../../src/WEDEntities/WED_Thing.cpp" />
		<Unit filename="../../src/WEDEntities/WED_Thing.h" />
		<Unit filename="../../src/WEDEntities/WED_TowerViewpoint.cpp" />
		<Unit filename="../../src/WEDEntities/WED_TowerViewpoint.h" />
		<Unit filename="../../src/WEDEntities/WED_TruckDestination.cpp" />
		<Unit filename="../../src/WEDEntities/WED_TruckDestination.h" />
		<Unit filename="../../src/WEDEntities/WED_TruckParkingLocation.cpp" />
		<Unit filename="../../src/WEDEntities/WED_TruckParkingLocation.h" />
		<Unit filename="../../src/WEDEntities/WED_Windsock.cpp" />
		<Unit filename="../../src/WEDEntities/WED_Windsock.h" />
		<Unit filename="../../src/WEDFileCache/CACHE_CacheObject.cpp" />
		<Unit filename="../../src/WEDFileCache/CACHE_CacheObject.h" />
		<Unit filename="../../src/WEDFileCache/CACHE_DomainPolicy.cpp" />
		<Unit filename="../../src/WEDFileCache/CACHE_DomainPolicy.h" />
		<Unit filename="../../src/WEDFileCache/WED_FileCache.cpp" />
		<Unit filename="../../src/WEDFileCache/WED_FileCache.h" />
		<Unit filename="../../src/WEDImportExport/WED_AptIE.cpp" />
		<Unit filename="../../src/WEDImportExport/WED_AptIE.h" />
		<Unit filename="../../src/WEDImportExport/WED_AptImportDialog.cpp" />
		<Unit filename="../../src/WEDImportExport/WED_AptImportDialog.h" />
		<Unit filename="../../src/WEDImportExport/WED_AptTable.cpp" />
		<Unit filename="../../src/WEDImportExport/WED_AptTable.h" />
		<Unit filename="../../src/WEDImportExport/WED_DSFExport.cpp" />
		<Unit filename="../../src/WEDImportExport/WED_DSFExport.h" />
		<Unit filename="../../src/WEDImportExport/WED_DSFImport.cpp" />
		<Unit filename="../../src/WEDImportExport/WED_DSFImport.h" />
		<Unit filename="../../src/WEDImportExport/WED_GatewayExport.cpp" />
		<Unit filename="../../src/WEDImportExport/WED_GatewayExport.h" />
		<Unit filename="../../src/WEDImportExport/WED_GatewayImport.cpp" />
		<Unit filename="../../src/WEDImportExport/WED_GatewayImport.h" />
		<Unit filename="../../src/WEDImportExport/WED_ICAOTable.cpp" />
		<Unit filename="../../src/WEDImportExport/WED_ICAOTable.h" />
		<Unit filename="../../src/WEDImportExport/WED_MetaDataDefaults.cpp" />
		<Unit filename="../../src/WEDImportExport/WED_MetaDataDefaults.h" />
		<Unit filename="../../src/WEDImportExport/WED_MetaDataKeys.cpp" />
		<Unit filename="../../src/WEDImportExport/WED_MetaDataKeys.h" />
		<Unit filename="../../src/WEDImportExport/WED_MetadataUpdate.cpp" />
		<Unit filename="../../src/WEDImportExport/WED_MetadataUpdate.h" />
		<Unit filename="../../src/WEDImportExport/WED_SceneryPackExport.cpp" />
		<Unit filename="../../src/WEDImportExport/WED_SceneryPackExport.h" />
		<Unit filename="../../src/WEDImportExport/WED_VerTable.cpp" />
		<Unit filename="../../src/WEDImportExport/WED_VerTable.h" />
		<Unit filename="../../src/WEDLibrary/WED_LibraryListAdapter.cpp" />
		<Unit filename="../../src/WEDLibrary/WED_LibraryListAdapter.h" />
		<Unit filename="../../src/WEDLibrary/WED_LibraryPane.cpp" />
		<Unit filename="../../src/WEDLibrary/WED_LibraryPane.h" />
		<Unit filename="../../src/WEDLibrary/WED_LibraryPreviewPane.cpp" />
		<Unit filename="../../src/WEDLibrary/WED_LibraryPreviewPane.h" />
		<Unit filename="../../src/WEDMap/WED_ATCLayer.cpp" />
		<Unit filename="../../src/WEDMap/WED_ATCLayer.h" />
		<Unit filename="../../src/WEDMap/WED_Colors.cpp" />
		<Unit filename="../../src/WEDMap/WED_Colors.h" />
		<Unit filename="../../src/WEDMap/WED_CreateBoxTool.cpp" />
		<Unit filename="../../src/WEDMap/WED_CreateBoxTool.h" />
		<Unit filename="../../src/WEDMap/WED_CreateEdgeTool.cpp" />
		<Unit filename="../../src/WEDMap/WED_CreateEdgeTool.h" />
		<Unit filename="../../src/WEDMap/WED_CreateLineTool.cpp" />
		<Unit filename="../../src/WEDMap/WED_CreateLineTool.h" />
		<Unit filename="../../src/WEDMap/WED_CreatePointTool.cpp" />
		<Unit filename="../../src/WEDMap/WED_CreatePointTool.h" />
		<Unit filename="../../src/WEDMap/WED_CreatePolygonTool.cpp" />
		<Unit filename="../../src/WEDMap/WED_CreatePolygonTool.h" />
		<Unit filename="../../src/WEDMap/WED_CreateToolBase.cpp" />
		<Unit filename="../../src/WEDMap/WED_CreateToolBase.h" />
		<Unit filename="../../src/WEDMap/WED_DebugLayer.cpp" />
		<Unit filename="../../src/WEDMap/WED_DebugLayer.h" />
		<Unit filename="../../src/WEDMap/WED_DrawUtils.cpp" />
		<Unit filename="../../src/WEDMap/WED_DrawUtils.h" />
		<Unit filename="../../src/WEDMap/WED_HandleToolBase.cpp" />
		<Unit filename="../../src/WEDMap/WED_HandleToolBase.h" />
		<Unit filename="../../src/WEDMap/WED_Map.cpp" />
		<Unit filename="../../src/WEDMap/WED_Map.h" />
		<Unit filename="../../src/WEDMap/WED_MapBkgnd.cpp" />
		<Unit filename="../../src/WEDMap/WED_MapBkgnd.h" />
		<Unit filename="../../src/WEDMap/WED_MapLayer.cpp" />
		<Unit filename="../../src/WEDMap/WED_MapLayer.h" />
		<Unit filename="../../src/WEDMap/WED_MapPane.cpp" />
		<Unit filename="../../src/WEDMap/WED_MapPane.h" />
		<Unit filename="../../src/WEDMap/WED_MapToolNew.cpp" />
		<Unit filename="../../src/WEDMap/WED_MapToolNew.h" />
		<Unit filename="../../src/WEDMap/WED_MapZoomerNew.cpp" />
		<Unit filename="../../src/WEDMap/WED_MapZoomerNew.h" />
		<Unit filename="../../src/WEDMap/WED_MarqueeTool.cpp" />
		<Unit filename="../../src/WEDMap/WED_MarqueeTool.h" />
		<Unit filename="../../src/WEDMap/WED_PreviewLayer.cpp" />
		<Unit filename="../../src/WEDMap/WED_PreviewLayer.h" />
		<Unit filename="../../src/WEDMap/WED_StructureLayer.cpp" />
		<Unit filename="../../src/WEDMap/WED_StructureLayer.h" />
		<Unit filename="../../src/WEDMap/WED_ToolInfoAdapter.cpp" />
		<Unit filename="../../src/WEDMap/WED_ToolInfoAdapter.h" />
		<Unit filename="../../src/WEDMap/WED_ToolUtils.cpp" />
		<Unit filename="../../src/WEDMap/WED_ToolUtils.h" />
		<Unit filename="../../src/WEDMap/WED_UIMeasurements.cpp" />
		<Unit filename="../../src/WEDMap/WED_UIMeasurements.h" />
		<Unit filename="../../src/WEDMap/WED_VertexTool.cpp" />
		<Unit filename="../../src/WEDMap/WED_VertexTool.h" />
		<Unit filename="../../src/WEDMap/WED_WorldMapLayer.cpp" />
		<Unit filename="../../src/WEDMap/WED_WorldMapLayer.h" />
		<Unit filename="../../src/WEDNetwork/RAII_Classes.cpp" />
		<Unit filename="../../src/WEDNetwork/RAII_Classes.h" />
		<Unit filename="../../src/WEDProperties/WED_PropertyPane.cpp" />
		<Unit filename="../../src/WEDProperties/WED_PropertyPane.h" />
		<Unit filename="../../src/WEDProperties/WED_PropertyTable.cpp" />
		<Unit filename="../../src/WEDProperties/WED_PropertyTable.h" />
		<Unit filename="../../src/WEDResources/about.png" />
		<Unit filename="../../src/WEDResources/checkbutton.png" />
		<Unit filename="../../src/WEDResources/colors.png" />
		<Unit filename="../../src/WEDResources/map_tools.png" />
		<Unit filename="../../src/WEDResources/map_tools2_blank.png" />
		<Unit filename="../../src/WEDResources/map_tools_blank.png" />
		<Unit filename="../../src/WEDResources/push_buttons.png" />
		<Unit filename="../../src/WEDResources/pushbutton.png" />
		<Unit filename="../../src/WEDResources/radiobutton.png" />
		<Unit filename="../../src/WEDResources/reset_options.png" />
		<Unit filename="../../src/WEDResources/scroll_btn_h.png" />
		<Unit filename="../../src/WEDResources/scroll_btn_v.png" />
		<Unit filename="../../src/WEDResources/scrollbar_corner.png" />
		<Unit filename="../../src/WEDResources/scrollbar_h.png" />
		<Unit filename="../../src/WEDResources/scrollbar_v.png" />
		<Unit filename="../../src/WEDResources/splitter_h.png" />
		<Unit filename="../../src/WEDResources/splitter_v.png" />
		<Unit filename="../../src/WEDResources/startup_bar.png" />
		<Unit filename="../../src/WEDResources/startup_bkgnd.png" />
		<Unit filename="../../src/WEDResources/startup_btns.png" />
		<Unit filename="../../src/WEDResources/tables/arrows.png" />
		<Unit filename="../../src/WEDResources/tables/check.png" />
		<Unit filename="../../src/WEDResources/tables/delete.png" />
		<Unit filename="../../src/WEDResources/tables/disclose.png" />
		<Unit filename="../../src/WEDResources/tables/eye.png" />
		<Unit filename="../../src/WEDResources/tables/gradient.png" />
		<Unit filename="../../src/WEDResources/tables/header.png" />
		<Unit filename="../../src/WEDResources/tables/lock.png" />
		<Unit filename="../../src/WEDResources/tables/property_bar.png" />
		<Unit filename="../../src/WEDResources/tables/sider.png" />
		<Unit filename="../../src/WEDResources/tabs.png" />
		<Unit filename="../../src/WEDResources/taxi_sign.png" />
		<Unit filename="../../src/WEDResources/tce_tools.png" />
		<Unit filename="../../src/WEDResources/tce_tools_blank.png" />
		<Unit filename="../../src/WEDResources/ui_measurements.txt" />
		<Unit filename="../../src/WEDTCE/WED_TCE.cpp" />
		<Unit filename="../../src/WEDTCE/WED_TCE.h" />
		<Unit filename="../../src/WEDTCE/WED_TCELayer.cpp" />
		<Unit filename="../../src/WEDTCE/WED_TCELayer.h" />
		<Unit filename="../../src/WEDTCE/WED_TCEMarqueeTool.cpp" />
		<Unit filename="../../src/WEDTCE/WED_TCEMarqueeTool.h" />
		<Unit filename="../../src/WEDTCE/WED_TCEPane.cpp" />
		<Unit filename="../../src/WEDTCE/WED_TCEPane.h" />
		<Unit filename="../../src/WEDTCE/WED_TCEToolAdapter.cpp" />
		<Unit filename="../../src/WEDTCE/WED_TCEToolAdapter.h" />
		<Unit filename="../../src/WEDTCE/WED_TCEToolNew.cpp" />
		<Unit filename="../../src/WEDTCE/WED_TCEToolNew.h" />
		<Unit filename="../../src/WEDTCE/WED_TCEVertexTool.cpp" />
		<Unit filename="../../src/WEDTCE/WED_TCEVertexTool.h" />
		<Unit filename="../../src/WEDWindows/WED_AboutBox.cpp" />
		<Unit filename="../../src/WEDWindows/WED_AboutBox.h" />
		<Unit filename="../../src/WEDWindows/WED_DocumentWindow.cpp" />
		<Unit filename="../../src/WEDWindows/WED_DocumentWindow.h" />
		<Unit filename="../../src/WEDWindows/WED_GroupCommands.cpp" />
		<Unit filename="../../src/WEDWindows/WED_GroupCommands.h" />
		<Unit filename="../../src/WEDWindows/WED_HierarchyFilterBar.cpp" />
		<Unit filename="../../src/WEDWindows/WED_HierarchyFilterBar.h" />
		<Unit filename="../../src/WEDWindows/WED_LibraryFilterBar.cpp" />
		<Unit filename="../../src/WEDWindows/WED_LibraryFilterBar.h" />
		<Unit filename="../../src/WEDWindows/WED_Menus.cpp" />
		<Unit filename="../../src/WEDWindows/WED_Menus.h" />
		<Unit filename="../../src/WEDWindows/WED_PackageListAdapter.cpp" />
		<Unit filename="../../src/WEDWindows/WED_PackageListAdapter.h" />
		<Unit filename="../../src/WEDWindows/WED_PackageStatusPane.cpp" />
		<Unit filename="../../src/WEDWindows/WED_PackageStatusPane.h" />
		<Unit filename="../../src/WEDWindows/WED_PackageWindow.cpp" />
		<Unit filename="../../src/WEDWindows/WED_PackageWindow.h" />
		<Unit filename="../../src/WEDWindows/WED_Sign_Editor.cpp" />
		<Unit filename="../../src/WEDWindows/WED_Sign_Editor.h" />
		<Unit filename="../../src/WEDWindows/WED_StartWindow.cpp" />
		<Unit filename="../../src/WEDWindows/WED_StartWindow.h" />
		<Unit filename="../../src/WEDWindows/WED_UIDefs.h" />
		<Unit filename="../../src/XESCore/AptDefs.h" />
		<Unit filename="../../src/XESCore/AptIO.cpp" />
		<Unit filename="../../src/XESCore/AptIO.h" />
		<Extensions>
			<code_completion />
			<envvars />
			<debugger />
			<lib_finder disable_auto="1" />
		</Extensions>
	</Project>
</CodeBlocks_project_file>
