Microsoft Visual Studio Solution File, Format Version 8.00

# Visual Studio 2003

Project("{8BC9CEB8-8B4A-11D0-8D11-00A0C91BC942}") = "approx_offset", "VC/approx_offset.vcproj", "{00000000-0000-0000-0000-000000007754}"

EndProject

Project("{8BC9CEB8-8B4A-11D0-8D11-00A0C91BC942}") = "exact_offset", "VC/exact_offset.vcproj", "{00000000-0000-0000-0000-000000003636}"

EndProject

Project("{8BC9CEB8-8B4A-11D0-8D11-00A0C91BC942}") = "sum_by_decomposition", "VC/sum_by_decomposition.vcproj", "{00000000-0000-0000-0000-000000032286}"

EndProject

Project("{8BC9CEB8-8B4A-11D0-8D11-00A0C91BC942}") = "sum_triangles", "VC/sum_triangles.vcproj", "{00000000-0000-0000-0000-000000028169}"

EndProject

Project("{8BC9CEB8-8B4A-11D0-8D11-00A0C91BC942}") = "sum_with_holes", "VC/sum_with_holes.vcproj", "{00000000-0000-0000-0000-000000024051}"

EndProject

