Microsoft Visual Studio Solution File, Format Version 8.00

# Visual Studio 2003

Project("{8BC9CEB8-8B4A-11D0-8D11-00A0C91BC942}") = "minimum_enclosing_parallelogram_2", "VC/minimum_enclosing_parallelogram_2.vcproj", "{00000000-0000-0000-0000-000000032518}"

EndProject

Project("{8BC9CEB8-8B4A-11D0-8D11-00A0C91BC942}") = "minimum_enclosing_rectangle_2", "VC/minimum_enclosing_rectangle_2.vcproj", "{00000000-0000-0000-0000-000000028401}"

EndProject

Project("{8BC9CEB8-8B4A-11D0-8D11-00A0C91BC942}") = "minimum_enclosing_strip_2", "VC/minimum_enclosing_strip_2.vcproj", "{00000000-0000-0000-0000-000000024283}"

EndProject

