Microsoft Visual Studio Solution File, Format Version 8.00

# Visual Studio 2003

Project("{8BC9CEB8-8B4A-11D0-8D11-00A0C91BC942}") = "barycenter", "VC/barycenter.vcproj", "{00000000-0000-0000-0000-000000012550}"

EndProject

Project("{8BC9CEB8-8B4A-11D0-8D11-00A0C91BC942}") = "bounding_box", "VC/bounding_box.vcproj", "{00000000-0000-0000-0000-000000008432}"

EndProject

Project("{8BC9CEB8-8B4A-11D0-8D11-00A0C91BC942}") = "centroid", "VC/centroid.vcproj", "{00000000-0000-0000-0000-000000021153}"

EndProject

Project("{8BC9CEB8-8B4A-11D0-8D11-00A0C91BC942}") = "linear_least_squares_fitting", "VC/linear_least_squares_fitting.vcproj", "{00000000-0000-0000-0000-000000017035}"

EndProject

