Microsoft Visual Studio Solution File, Format Version 8.00

# Visual Studio 2003

Project("{8BC9CEB8-8B4A-11D0-8D11-00A0C91BC942}") = "interpolation_2", "VC/interpolation_2.vcproj", "{00000000-0000-0000-0000-000000031145}"

EndProject

Project("{8BC9CEB8-8B4A-11D0-8D11-00A0C91BC942}") = "linear_interpolation_2", "VC/linear_interpolation_2.vcproj", "{00000000-0000-0000-0000-000000027027}"

EndProject

Project("{8BC9CEB8-8B4A-11D0-8D11-00A0C91BC942}") = "nn_coordinates_2", "VC/nn_coordinates_2.vcproj", "{00000000-0000-0000-0000-000000022909}"

EndProject

Project("{8BC9CEB8-8B4A-11D0-8D11-00A0C91BC942}") = "nn_coordinates_3", "VC/nn_coordinates_3.vcproj", "{00000000-0000-0000-0000-000000018792}"

EndProject

Project("{8BC9CEB8-8B4A-11D0-8D11-00A0C91BC942}") = "rn_coordinates_2", "VC/rn_coordinates_2.vcproj", "{00000000-0000-0000-0000-000000031512}"

EndProject

Project("{8BC9CEB8-8B4A-11D0-8D11-00A0C91BC942}") = "sibson_interpolation_2", "VC/sibson_interpolation_2.vcproj", "{00000000-0000-0000-0000-000000027394}"

EndProject

Project("{8BC9CEB8-8B4A-11D0-8D11-00A0C91BC942}") = "surface_neighbor_coordinates_3", "VC/surface_neighbor_coordinates_3.vcproj", "{00000000-0000-0000-0000-000000023277}"

EndProject

