Microsoft Visual Studio Solution File, Format Version 8.00

# Visual Studio 2003

Project("{8BC9CEB8-8B4A-11D0-8D11-00A0C91BC942}") = "convex_hull_containment", "VC/convex_hull_containment.vcproj", "{00000000-0000-0000-0000-000000015643}"

EndProject

Project("{8BC9CEB8-8B4A-11D0-8D11-00A0C91BC942}") = "convex_hull_containment2", "VC/convex_hull_containment2.vcproj", "{00000000-0000-0000-0000-000000011525}"

EndProject

Project("{8BC9CEB8-8B4A-11D0-8D11-00A0C91BC942}") = "convex_hull_containment_benchmarks", "VC/convex_hull_containment_benchmarks.vcproj", "{00000000-0000-0000-0000-000000007408}"

EndProject

Project("{8BC9CEB8-8B4A-11D0-8D11-00A0C91BC942}") = "cycling", "VC/cycling.vcproj", "{00000000-0000-0000-0000-000000020128}"

EndProject

Project("{8BC9CEB8-8B4A-11D0-8D11-00A0C91BC942}") = "first_lp", "VC/first_lp.vcproj", "{00000000-0000-0000-0000-000000016010}"

EndProject

Project("{8BC9CEB8-8B4A-11D0-8D11-00A0C91BC942}") = "first_lp_from_iterators", "VC/first_lp_from_iterators.vcproj", "{00000000-0000-0000-0000-000000011893}"

EndProject

Project("{8BC9CEB8-8B4A-11D0-8D11-00A0C91BC942}") = "first_lp_from_mps", "VC/first_lp_from_mps.vcproj", "{00000000-0000-0000-0000-000000007775}"

EndProject

Project("{8BC9CEB8-8B4A-11D0-8D11-00A0C91BC942}") = "first_nonnegative_lp", "VC/first_nonnegative_lp.vcproj", "{00000000-0000-0000-0000-000000003657}"

EndProject

Project("{8BC9CEB8-8B4A-11D0-8D11-00A0C91BC942}") = "first_nonnegative_lp_from_iterators", "VC/first_nonnegative_lp_from_iterators.vcproj", "{00000000-0000-0000-0000-000000032307}"

EndProject

Project("{8BC9CEB8-8B4A-11D0-8D11-00A0C91BC942}") = "first_nonnegative_lp_from_mps", "VC/first_nonnegative_lp_from_mps.vcproj", "{00000000-0000-0000-0000-000000028190}"

EndProject

Project("{8BC9CEB8-8B4A-11D0-8D11-00A0C91BC942}") = "first_nonnegative_qp", "VC/first_nonnegative_qp.vcproj", "{00000000-0000-0000-0000-000000024072}"

EndProject

Project("{8BC9CEB8-8B4A-11D0-8D11-00A0C91BC942}") = "first_nonnegative_qp_from_iterators", "VC/first_nonnegative_qp_from_iterators.vcproj", "{00000000-0000-0000-0000-000000019954}"

EndProject

Project("{8BC9CEB8-8B4A-11D0-8D11-00A0C91BC942}") = "first_nonnegative_qp_from_mps", "VC/first_nonnegative_qp_from_mps.vcproj", "{00000000-0000-0000-0000-000000015837}"

EndProject

Project("{8BC9CEB8-8B4A-11D0-8D11-00A0C91BC942}") = "first_qp", "VC/first_qp.vcproj", "{00000000-0000-0000-0000-000000011719}"

EndProject

Project("{8BC9CEB8-8B4A-11D0-8D11-00A0C91BC942}") = "first_qp_basic_constraints", "VC/first_qp_basic_constraints.vcproj", "{00000000-0000-0000-0000-000000007601}"

EndProject

Project("{8BC9CEB8-8B4A-11D0-8D11-00A0C91BC942}") = "first_qp_from_iterators", "VC/first_qp_from_iterators.vcproj", "{00000000-0000-0000-0000-000000003483}"

EndProject

Project("{8BC9CEB8-8B4A-11D0-8D11-00A0C91BC942}") = "first_qp_from_mps", "VC/first_qp_from_mps.vcproj", "{00000000-0000-0000-0000-000000032134}"

EndProject

Project("{8BC9CEB8-8B4A-11D0-8D11-00A0C91BC942}") = "important_variables", "VC/important_variables.vcproj", "{00000000-0000-0000-0000-000000028016}"

EndProject

Project("{8BC9CEB8-8B4A-11D0-8D11-00A0C91BC942}") = "infeasibility_certificate", "VC/infeasibility_certificate.vcproj", "{00000000-0000-0000-0000-000000023898}"

EndProject

Project("{8BC9CEB8-8B4A-11D0-8D11-00A0C91BC942}") = "invert_matrix", "VC/invert_matrix.vcproj", "{00000000-0000-0000-0000-000000019780}"

EndProject

Project("{8BC9CEB8-8B4A-11D0-8D11-00A0C91BC942}") = "optimality_certificate", "VC/optimality_certificate.vcproj", "{00000000-0000-0000-0000-000000015663}"

EndProject

Project("{8BC9CEB8-8B4A-11D0-8D11-00A0C91BC942}") = "print_first_lp", "VC/print_first_lp.vcproj", "{00000000-0000-0000-0000-000000011545}"

EndProject

Project("{8BC9CEB8-8B4A-11D0-8D11-00A0C91BC942}") = "print_first_nonnegative_lp", "VC/print_first_nonnegative_lp.vcproj", "{00000000-0000-0000-0000-000000007427}"

EndProject

Project("{8BC9CEB8-8B4A-11D0-8D11-00A0C91BC942}") = "print_first_nonnegative_qp", "VC/print_first_nonnegative_qp.vcproj", "{00000000-0000-0000-0000-000000003310}"

EndProject

Project("{8BC9CEB8-8B4A-11D0-8D11-00A0C91BC942}") = "print_first_qp", "VC/print_first_qp.vcproj", "{00000000-0000-0000-0000-000000031960}"

EndProject

Project("{8BC9CEB8-8B4A-11D0-8D11-00A0C91BC942}") = "unboundedness_certificate", "VC/unboundedness_certificate.vcproj", "{00000000-0000-0000-0000-000000027842}"

EndProject

