Microsoft Visual Studio Solution File, Format Version 8.00

# Visual Studio 2003

Project("{8BC9CEB8-8B4A-11D0-8D11-00A0C91BC942}") = "approx_convex_partition_2", "VC/approx_convex_partition_2.vcproj", "{00000000-0000-0000-0000-000000010268}"

EndProject

Project("{8BC9CEB8-8B4A-11D0-8D11-00A0C91BC942}") = "greene_approx_convex_partition_2", "VC/greene_approx_convex_partition_2.vcproj", "{00000000-0000-0000-0000-000000006150}"

EndProject

Project("{8BC9CEB8-8B4A-11D0-8D11-00A0C91BC942}") = "optimal_convex_partition_2", "VC/optimal_convex_partition_2.vcproj", "{00000000-0000-0000-0000-000000002032}"

EndProject

Project("{8BC9CEB8-8B4A-11D0-8D11-00A0C91BC942}") = "y_monotone_partition_2", "VC/y_monotone_partition_2.vcproj", "{00000000-0000-0000-0000-000000030683}"

EndProject

