
Microsoft Visual Studio Solution File, Format Version 12.00
# Visual Studio Express 2012 for Windows Desktop
Project("{8BC9CEB8-8B4A-11D0-8D11-00A0C91BC942}") = "xtools_wed", "xtools_wed\xtools_wed.vcxproj", "{59A94211-31F6-4A03-9E1D-CCA5B1EF8DAA}"
EndProject
Global
	GlobalSection(SolutionConfigurationPlatforms) = preSolution
		Debug Multithreaded|Itanium = Debug Multithreaded|Itanium
		Debug Multithreaded|Win32 = Debug Multithreaded|Win32
		Debug Multithreaded|x64 = Debug Multithreaded|x64
		Debug Singlethreaded|Itanium = Debug Singlethreaded|Itanium
		Debug Singlethreaded|Win32 = Debug Singlethreaded|Win32
		Debug Singlethreaded|x64 = Debug Singlethreaded|x64
		Debug|Itanium = Debug|Itanium
		Debug|Win32 = Debug|Win32
		Debug|x64 = Debug|x64
		Release Multithreaded|Itanium = Release Multithreaded|Itanium
		Release Multithreaded|Win32 = Release Multithreaded|Win32
		Release Multithreaded|x64 = Release Multithreaded|x64
		Release Singlethreaded|Itanium = Release Singlethreaded|Itanium
		Release Singlethreaded|Win32 = Release Singlethreaded|Win32
		Release Singlethreaded|x64 = Release Singlethreaded|x64
		Release|Itanium = Release|Itanium
		Release|Win32 = Release|Win32
		Release|x64 = Release|x64
		ReleaseWithoutAsm|Itanium = ReleaseWithoutAsm|Itanium
		ReleaseWithoutAsm|Win32 = ReleaseWithoutAsm|Win32
		ReleaseWithoutAsm|x64 = ReleaseWithoutAsm|x64
	EndGlobalSection
	GlobalSection(ProjectConfigurationPlatforms) = postSolution
		{59A94211-31F6-4A03-9E1D-CCA5B1EF8DAA}.Debug Multithreaded|Itanium.ActiveCfg = Debug|Win32
		{59A94211-31F6-4A03-9E1D-CCA5B1EF8DAA}.Debug Multithreaded|Win32.ActiveCfg = Debug|Win32
		{59A94211-31F6-4A03-9E1D-CCA5B1EF8DAA}.Debug Multithreaded|Win32.Build.0 = Debug|Win32
		{59A94211-31F6-4A03-9E1D-CCA5B1EF8DAA}.Debug Multithreaded|x64.ActiveCfg = Debug|Win32
		{59A94211-31F6-4A03-9E1D-CCA5B1EF8DAA}.Debug Singlethreaded|Itanium.ActiveCfg = Debug|Win32
		{59A94211-31F6-4A03-9E1D-CCA5B1EF8DAA}.Debug Singlethreaded|Win32.ActiveCfg = Debug|Win32
		{59A94211-31F6-4A03-9E1D-CCA5B1EF8DAA}.Debug Singlethreaded|Win32.Build.0 = Debug|Win32
		{59A94211-31F6-4A03-9E1D-CCA5B1EF8DAA}.Debug Singlethreaded|x64.ActiveCfg = Debug|Win32
		{59A94211-31F6-4A03-9E1D-CCA5B1EF8DAA}.Debug|Itanium.ActiveCfg = Debug|Win32
		{59A94211-31F6-4A03-9E1D-CCA5B1EF8DAA}.Debug|Win32.ActiveCfg = Debug|Win32
		{59A94211-31F6-4A03-9E1D-CCA5B1EF8DAA}.Debug|Win32.Build.0 = Debug|Win32
		{59A94211-31F6-4A03-9E1D-CCA5B1EF8DAA}.Debug|x64.ActiveCfg = Debug|Win32
		{59A94211-31F6-4A03-9E1D-CCA5B1EF8DAA}.Release Multithreaded|Itanium.ActiveCfg = Release|Win32
		{59A94211-31F6-4A03-9E1D-CCA5B1EF8DAA}.Release Multithreaded|Win32.ActiveCfg = Release|Win32
		{59A94211-31F6-4A03-9E1D-CCA5B1EF8DAA}.Release Multithreaded|Win32.Build.0 = Release|Win32
		{59A94211-31F6-4A03-9E1D-CCA5B1EF8DAA}.Release Multithreaded|x64.ActiveCfg = Release|Win32
		{59A94211-31F6-4A03-9E1D-CCA5B1EF8DAA}.Release Singlethreaded|Itanium.ActiveCfg = Release|Win32
		{59A94211-31F6-4A03-9E1D-CCA5B1EF8DAA}.Release Singlethreaded|Win32.ActiveCfg = Release|Win32
		{59A94211-31F6-4A03-9E1D-CCA5B1EF8DAA}.Release Singlethreaded|Win32.Build.0 = Release|Win32
		{59A94211-31F6-4A03-9E1D-CCA5B1EF8DAA}.Release Singlethreaded|x64.ActiveCfg = Release|Win32
		{59A94211-31F6-4A03-9E1D-CCA5B1EF8DAA}.Release|Itanium.ActiveCfg = Release|Win32
		{59A94211-31F6-4A03-9E1D-CCA5B1EF8DAA}.Release|Win32.ActiveCfg = Release|Win32
		{59A94211-31F6-4A03-9E1D-CCA5B1EF8DAA}.Release|Win32.Build.0 = Release|Win32
		{59A94211-31F6-4A03-9E1D-CCA5B1EF8DAA}.Release|x64.ActiveCfg = Release|Win32
		{59A94211-31F6-4A03-9E1D-CCA5B1EF8DAA}.ReleaseWithoutAsm|Itanium.ActiveCfg = Release|Win32
		{59A94211-31F6-4A03-9E1D-CCA5B1EF8DAA}.ReleaseWithoutAsm|Win32.ActiveCfg = Release|Win32
		{59A94211-31F6-4A03-9E1D-CCA5B1EF8DAA}.ReleaseWithoutAsm|Win32.Build.0 = Release|Win32
		{59A94211-31F6-4A03-9E1D-CCA5B1EF8DAA}.ReleaseWithoutAsm|x64.ActiveCfg = Release|Win32
	EndGlobalSection
	GlobalSection(SolutionProperties) = preSolution
		HideSolutionNode = FALSE
	EndGlobalSection
EndGlobal
