<?xml version="1.0" encoding="UTF-8" standalone="yes" ?>
<CodeBlocks_project_file>
	<FileVersion major="1" minor="6" />
	<Project>
		<Option title="ObjView" />
		<Option makefile_is_custom="1" />
		<Option execution_dir="../../xptools" />
		<Option pch_mode="2" />
		<Option compiler="gcc" />
		<MakeCommands>
			<Build command="" />
			<CompileFile command="" />
			<Clean command="" />
			<DistClean command="$make -f $makefile distclean$target" />
			<AskRebuildNeeded command="" />
			<SilentBuild command=" &gt; $(CMD_NULL)" />
		</MakeCommands>
		<Build>
			<Target title="Release-opt">
				<Option output="../build/Linux/release_opt/ObjView" prefix_auto="0" extension_auto="0" />
				<Option working_dir="~" />
				<Option object_output="./" />
				<Option type="1" />
				<Option compiler="gcc" />
				<Option parameters="--text2dsf test.txt test.dsf" />
				<Compiler>
					<Add option="-g" />
				</Compiler>
				<MakeCommands>
					<Build command="conf=release_opt $make -j4 ObjView" />
					<CompileFile command="conf=release_opt $make $file" />
					<Clean command="$make clean" />
					<DistClean command="$make -f $makefile distclean$target" />
					<AskRebuildNeeded command="conf=release_opt $make -q ObjView" />
					<SilentBuild command="conf=release_opt $make -j4 ObjView &gt; $(CMD_NULL)" />
				</MakeCommands>
			</Target>
			<Target title="Debug">
				<Option output="../build/Linux/debug/ObjView" prefix_auto="0" extension_auto="0" />
				<Option working_dir="~" />
				<Option object_output="./" />
				<Option type="1" />
				<Option compiler="gcc" />
				<Option parameters="--text2dsf test.txt test.dsf" />
				<Compiler>
					<Add option="-g" />
				</Compiler>
				<MakeCommands>
					<Build command="conf=debug $make -j4 ObjView" />
					<CompileFile command="conf=debug $make $file" />
					<Clean command="$make clean" />
					<DistClean command="$make -f $makefile distclean$target" />
					<AskRebuildNeeded command="conf=debug $make -q ObjView" />
					<SilentBuild command="conf=debug $make -j4 ObjView &gt; $(CMD_NULL)" />
				</MakeCommands>
			</Target>
			<Target title="(default)">
				<Option output="../build/Linux/debug/ObjView" prefix_auto="0" extension_auto="0" />
				<Option working_dir="~" />
				<Option object_output="./" />
				<Option type="1" />
				<Option compiler="gcc" />
				<Compiler>
					<Add option="-g" />
				</Compiler>
				<MakeCommands>
					<Build command="$make -j4 ObjView" />
					<CompileFile command="$make $file" />
					<Clean command="$make clean" />
					<DistClean command="$make -f $makefile distclean$target" />
					<AskRebuildNeeded command="$make -q ObjView" />
					<SilentBuild command="$make -j4 ObjView &gt; $(CMD_NULL)" />
				</MakeCommands>
			</Target>
		</Build>
		<Compiler>
			<Add option="-Wall" />
			<Add option="-fexceptions" />
			<Add option="-DLIN=1" />
			<Add option="-DBIG=0" />
			<Add option="-DLIL=1" />
			<Add option="-DUSE_JPEG=1" />
			<Add option="-DUSE_TIF=1" />
		</Compiler>
		<Unit filename="../src/Obj/ObjDraw.cpp" />
		<Unit filename="../src/Obj/ObjDraw.h" />
		<Unit filename="../src/Obj/ObjPointPool.cpp" />
		<Unit filename="../src/Obj/ObjPointPool.h" />
		<Unit filename="../src/Obj/XDefs.h" />
		<Unit filename="../src/Obj/XObjDefs.cpp" />
		<Unit filename="../src/Obj/XObjDefs.h" />
		<Unit filename="../src/Obj/XObjReadWrite.cpp" />
		<Unit filename="../src/Obj/XObjReadWrite.h" />
		<Unit filename="../src/UI/XGUIApp.cpp" />
		<Unit filename="../src/UI/XGUIApp.h" />
		<Unit filename="../src/UI/XWin.h" />
		<Unit filename="../src/UI/XWin.lin.cpp" />
		<Unit filename="../src/UI/XWinGL.h" />
		<Unit filename="../src/UI/XWinGL.lin.cpp" />
		<Unit filename="../src/Utils/AssertUtils.cpp" />
		<Unit filename="../src/Utils/AssertUtils.h" />
		<Unit filename="../src/Utils/BitmapUtils.cpp" />
		<Unit filename="../src/Utils/BitmapUtils.h" />
		<Unit filename="../src/Utils/EndianUtils.c">
			<Option compilerVar="CC" />
		</Unit>
		<Unit filename="../src/Utils/EndianUtils.h" />
		<Unit filename="../src/Utils/FileUtils.cpp" />
		<Unit filename="../src/Utils/FileUtils.h" />
		<Unit filename="../src/Utils/GeoUtils.cpp" />
		<Unit filename="../src/Utils/GeoUtils.h" />
		<Unit filename="../src/Utils/MatrixUtils.cpp" />
		<Unit filename="../src/Utils/MatrixUtils.h" />
		<Unit filename="../src/Utils/ObjUtils.cpp" />
		<Unit filename="../src/Utils/ObjUtils.h" />
		<Unit filename="../src/Utils/PlatformUtils.h" />
		<Unit filename="../src/Utils/PlatformUtils.lin.cpp" />
		<Unit filename="../src/Utils/TexUtils.cpp" />
		<Unit filename="../src/Utils/TexUtils.h" />
		<Unit filename="../src/Utils/glew.c">
			<Option compilerVar="CC" />
		</Unit>
		<Unit filename="../src/Utils/glew.h" />
		<Unit filename="../src/Utils/zip.c">
			<Option compilerVar="CC" />
		</Unit>
		<Unit filename="../src/Utils/zip.h" />
		<Unit filename="../src/XPTools/README.ObjView" />
		<Unit filename="../src/XPTools/ViewObj.cpp" />
		<Extensions>
			<code_completion />
			<envvars set="default" />
			<debugger />
			<lib_finder disable_auto="1" />
		</Extensions>
	</Project>
</CodeBlocks_project_file>
