Microsoft Visual Studio Solution File, Format Version 8.00

# Visual Studio 2003

Project("{8BC9CEB8-8B4A-11D0-8D11-00A0C91BC942}") = "comparison", "VC/comparison.vcproj", "{00000000-0000-0000-0000-000000029870}"

EndProject

Project("{8BC9CEB8-8B4A-11D0-8D11-00A0C91BC942}") = "complex_construction", "VC/complex_construction.vcproj", "{00000000-0000-0000-0000-000000025752}"

EndProject

Project("{8BC9CEB8-8B4A-11D0-8D11-00A0C91BC942}") = "construction", "VC/construction.vcproj", "{00000000-0000-0000-0000-000000021635}"

EndProject

Project("{8BC9CEB8-8B4A-11D0-8D11-00A0C91BC942}") = "exploration_SM", "VC/exploration_SM.vcproj", "{00000000-0000-0000-0000-000000017517}"

EndProject

Project("{8BC9CEB8-8B4A-11D0-8D11-00A0C91BC942}") = "extended_kernel", "VC/extended_kernel.vcproj", "{00000000-0000-0000-0000-000000013399}"

EndProject

Project("{8BC9CEB8-8B4A-11D0-8D11-00A0C91BC942}") = "handling_double_coordinates", "VC/handling_double_coordinates.vcproj", "{00000000-0000-0000-0000-000000009281}"

EndProject

Project("{8BC9CEB8-8B4A-11D0-8D11-00A0C91BC942}") = "interface_polyhedron", "VC/interface_polyhedron.vcproj", "{00000000-0000-0000-0000-000000005164}"

EndProject

Project("{8BC9CEB8-8B4A-11D0-8D11-00A0C91BC942}") = "nefIO", "VC/nefIO.vcproj", "{00000000-0000-0000-0000-000000001046}"

EndProject

Project("{8BC9CEB8-8B4A-11D0-8D11-00A0C91BC942}") = "offIO", "VC/offIO.vcproj", "{00000000-0000-0000-0000-000000029696}"

EndProject

Project("{8BC9CEB8-8B4A-11D0-8D11-00A0C91BC942}") = "point_location", "VC/point_location.vcproj", "{00000000-0000-0000-0000-000000025579}"

EndProject

Project("{8BC9CEB8-8B4A-11D0-8D11-00A0C91BC942}") = "point_set_operations", "VC/point_set_operations.vcproj", "{00000000-0000-0000-0000-000000021461}"

EndProject

Project("{8BC9CEB8-8B4A-11D0-8D11-00A0C91BC942}") = "polygon_construction", "VC/polygon_construction.vcproj", "{00000000-0000-0000-0000-000000017343}"

EndProject

Project("{8BC9CEB8-8B4A-11D0-8D11-00A0C91BC942}") = "polyline_construction", "VC/polyline_construction.vcproj", "{00000000-0000-0000-0000-000000013225}"

EndProject

Project("{8BC9CEB8-8B4A-11D0-8D11-00A0C91BC942}") = "set_operations", "VC/set_operations.vcproj", "{00000000-0000-0000-0000-000000009108}"

EndProject

Project("{8BC9CEB8-8B4A-11D0-8D11-00A0C91BC942}") = "shell_exploration", "VC/shell_exploration.vcproj", "{00000000-0000-0000-0000-000000004990}"

EndProject

Project("{8BC9CEB8-8B4A-11D0-8D11-00A0C91BC942}") = "simple", "VC/simple.vcproj", "{00000000-0000-0000-0000-000000000872}"

EndProject

Project("{8BC9CEB8-8B4A-11D0-8D11-00A0C91BC942}") = "topological_operations", "VC/topological_operations.vcproj", "{00000000-0000-0000-0000-000000029522}"

EndProject

Project("{8BC9CEB8-8B4A-11D0-8D11-00A0C91BC942}") = "transformation", "VC/transformation.vcproj", "{00000000-0000-0000-0000-000000025405}"

EndProject

