Microsoft Visual Studio Solution File, Format Version 8.00

# Visual Studio 2003

Project("{8BC9CEB8-8B4A-11D0-8D11-00A0C91BC942}") = "Circular_kernel_arrangement", "VC/Circular_kernel_arrangement.vcproj", "{00000000-0000-0000-0000-000000016568}"

EndProject

Project("{8BC9CEB8-8B4A-11D0-8D11-00A0C91BC942}") = "Circular_kernel_arrangement_Line_Circular", "VC/Circular_kernel_arrangement_Line_Circular.vcproj", "{00000000-0000-0000-0000-000000012450}"

EndProject

Project("{8BC9CEB8-8B4A-11D0-8D11-00A0C91BC942}") = "Circular_kernel_arrangement_Line_arc", "VC/Circular_kernel_arrangement_Line_arc.vcproj", "{00000000-0000-0000-0000-000000008332}"

EndProject

Project("{8BC9CEB8-8B4A-11D0-8D11-00A0C91BC942}") = "Exact_circular_kernel", "VC/Exact_circular_kernel.vcproj", "{00000000-0000-0000-0000-000000004214}"

EndProject

Project("{8BC9CEB8-8B4A-11D0-8D11-00A0C91BC942}") = "arrangement_random_circles", "VC/arrangement_random_circles.vcproj", "{00000000-0000-0000-0000-000000000097}"

EndProject

Project("{8BC9CEB8-8B4A-11D0-8D11-00A0C91BC942}") = "arrangement_random_circles_segments", "VC/arrangement_random_circles_segments.vcproj", "{00000000-0000-0000-0000-000000028747}"

EndProject

