<?xml version="1.0" encoding="utf-8"?>
<Project ToolsVersion="4.0" xmlns="http://schemas.microsoft.com/developer/msbuild/2003">
  <ItemGroup>
    <Filter Include="XPTools">
      <UniqueIdentifier>{9de233cb-b4c2-433b-9cd3-b5c63ee917ac}</UniqueIdentifier>
    </Filter>
    <Filter Include="Obj">
      <UniqueIdentifier>{396a74d5-253b-4372-84eb-11fdb3a3f4ae}</UniqueIdentifier>
    </Filter>
    <Filter Include="Utils">
      <UniqueIdentifier>{f5fca4d4-c111-44f7-a2a9-29cb5131d407}</UniqueIdentifier>
    </Filter>
  </ItemGroup>
  <ItemGroup>
    <ClCompile Include="..\..\src\XPTools\ConvertObjDXF.cpp">
      <Filter>XPTools</Filter>
    </ClCompile>
    <ClCompile Include="..\..\src\XPTools\ConvertObj3DS.cpp">
      <Filter>XPTools</Filter>
    </ClCompile>
    <ClCompile Include="..\..\src\XPTools\ConvertObj.cpp">
      <Filter>XPTools</Filter>
    </ClCompile>
    <ClCompile Include="..\..\src\Obj\ObjConvert.cpp">
      <Filter>Obj</Filter>
    </ClCompile>
    <ClCompile Include="..\..\src\Obj\ObjPointPool.cpp">
      <Filter>Obj</Filter>
    </ClCompile>
    <ClCompile Include="..\..\src\Obj\XObjBuilder.cpp">
      <Filter>Obj</Filter>
    </ClCompile>
    <ClCompile Include="..\..\src\Obj\XObjDefs.cpp">
      <Filter>Obj</Filter>
    </ClCompile>
    <ClCompile Include="..\..\src\Obj\XObjReadWrite.cpp">
      <Filter>Obj</Filter>
    </ClCompile>
    <ClCompile Include="..\..\src\Obj\XObjWriteEmbedded.cpp">
      <Filter>Obj</Filter>
    </ClCompile>
    <ClCompile Include="..\..\src\Utils\AssertUtils.cpp">
      <Filter>Utils</Filter>
    </ClCompile>
    <ClCompile Include="..\..\src\Utils\FileUtils.cpp">
      <Filter>Utils</Filter>
    </ClCompile>
    <ClCompile Include="..\..\src\Utils\MatrixUtils.cpp">
      <Filter>Utils</Filter>
    </ClCompile>
    <ClCompile Include="..\..\src\Utils\MemFileUtils.cpp">
      <Filter>Utils</Filter>
    </ClCompile>
  </ItemGroup>
  <ItemGroup>
    <ClInclude Include="..\..\src\XPTools\ConvertObjDXF.h">
      <Filter>XPTools</Filter>
    </ClInclude>
    <ClInclude Include="..\..\src\XPTools\ConvertObj3DS.h">
      <Filter>XPTools</Filter>
    </ClInclude>
    <ClInclude Include="..\..\src\Obj\ObjConvert.h">
      <Filter>Obj</Filter>
    </ClInclude>
    <ClInclude Include="..\..\src\Obj\ObjPointPool.h">
      <Filter>Obj</Filter>
    </ClInclude>
    <ClInclude Include="..\..\src\Obj\XDefs.h">
      <Filter>Obj</Filter>
    </ClInclude>
    <ClInclude Include="..\..\src\Obj\XObjBuilder.h">
      <Filter>Obj</Filter>
    </ClInclude>
    <ClInclude Include="..\..\src\Obj\XObjDefs.h">
      <Filter>Obj</Filter>
    </ClInclude>
    <ClInclude Include="..\..\src\Obj\XObjReadWrite.h">
      <Filter>Obj</Filter>
    </ClInclude>
    <ClInclude Include="..\..\src\Obj\XObjWriteEmbedded.h">
      <Filter>Obj</Filter>
    </ClInclude>
    <ClInclude Include="..\..\src\Utils\AssertUtils.h">
      <Filter>Utils</Filter>
    </ClInclude>
    <ClInclude Include="..\..\src\Utils\FileUtils.h">
      <Filter>Utils</Filter>
    </ClInclude>
    <ClInclude Include="..\..\src\Utils\MemFileUtils.h">
      <Filter>Utils</Filter>
    </ClInclude>
    <ClInclude Include="..\..\src\Utils\MatrixUtils.h">
      <Filter>Utils</Filter>
    </ClInclude>
  </ItemGroup>
</Project>