Microsoft Visual Studio Solution File, Format Version 8.00

# Visual Studio 2003

Project("{8BC9CEB8-8B4A-11D0-8D11-00A0C91BC942}") = "sdg-count-sites", "VC/sdg-count-sites.vcproj", "{00000000-0000-0000-0000-000000025252}"

EndProject

Project("{8BC9CEB8-8B4A-11D0-8D11-00A0C91BC942}") = "sdg-filtered-traits", "VC/sdg-filtered-traits.vcproj", "{00000000-0000-0000-0000-000000021134}"

EndProject

Project("{8BC9CEB8-8B4A-11D0-8D11-00A0C91BC942}") = "sdg-info-set", "VC/sdg-info-set.vcproj", "{00000000-0000-0000-0000-000000017016}"

EndProject

Project("{8BC9CEB8-8B4A-11D0-8D11-00A0C91BC942}") = "sdg-red-blue-info", "VC/sdg-red-blue-info.vcproj", "{00000000-0000-0000-0000-000000012899}"

EndProject

Project("{8BC9CEB8-8B4A-11D0-8D11-00A0C91BC942}") = "sdg-voronoi-edges", "VC/sdg-voronoi-edges.vcproj", "{00000000-0000-0000-0000-000000008781}"

EndProject

