
Microsoft Visual Studio Solution File, Format Version 9.00
# Visual C++ Express 2005
Project("{8BC9CEB8-8B4A-11D0-8D11-00A0C91BC942}") = "WED", "WED\WED.vcproj", "{188052E8-8E5E-43E3-9788-4A71F0B51F4D}"
	ProjectSection(ProjectDependencies) = postProject
		{AB99A37D-8525-431A-8FFC-B9250E80B575} = {AB99A37D-8525-431A-8FFC-B9250E80B575}
		{1777DE88-B532-4637-802E-C7DCEF76DB05} = {1777DE88-B532-4637-802E-C7DCEF76DB05}
		{BD83F6A1-AC1F-48FA-AF29-DD37DA260226} = {BD83F6A1-AC1F-48FA-AF29-DD37DA260226}
		{5C98A6B5-74D9-4E37-96C2-9FBF838B88C1} = {5C98A6B5-74D9-4E37-96C2-9FBF838B88C1}
		{39E9BCE3-23B9-4B4A-B369-C8CEE5BBE8FD} = {39E9BCE3-23B9-4B4A-B369-C8CEE5BBE8FD}
		{548FD2E8-FF79-4330-A830-D03D3874DF97} = {548FD2E8-FF79-4330-A830-D03D3874DF97}
	EndProjectSection
EndProject
Project("{8BC9CEB8-8B4A-11D0-8D11-00A0C91BC942}") = "libpng", "libpng\libpng.vcproj", "{548FD2E8-FF79-4330-A830-D03D3874DF97}"
EndProject
Project("{8BC9CEB8-8B4A-11D0-8D11-00A0C91BC942}") = "zlib", "zlib\zlib.vcproj", "{39E9BCE3-23B9-4B4A-B369-C8CEE5BBE8FD}"
EndProject
Project("{8BC9CEB8-8B4A-11D0-8D11-00A0C91BC942}") = "libtiff", "libtiff\libtiff.vcproj", "{1777DE88-B532-4637-802E-C7DCEF76DB05}"
EndProject
Project("{8BC9CEB8-8B4A-11D0-8D11-00A0C91BC942}") = "libgeotiff", "libgeotiff\libgeotiff.vcproj", "{AB99A37D-8525-431A-8FFC-B9250E80B575}"
EndProject
Project("{8BC9CEB8-8B4A-11D0-8D11-00A0C91BC942}") = "libproj", "libproj\libproj.vcproj", "{5C98A6B5-74D9-4E37-96C2-9FBF838B88C1}"
EndProject
Project("{8BC9CEB8-8B4A-11D0-8D11-00A0C91BC942}") = "libjpeg", "libjpeg\libjpeg.vcproj", "{BD83F6A1-AC1F-48FA-AF29-DD37DA260226}"
EndProject
Project("{8BC9CEB8-8B4A-11D0-8D11-00A0C91BC942}") = "ObjView", "ObjView\ObjView.vcproj", "{EB1A0B58-F86A-42C6-99AE-4770789B397C}"
	ProjectSection(ProjectDependencies) = postProject
		{548FD2E8-FF79-4330-A830-D03D3874DF97} = {548FD2E8-FF79-4330-A830-D03D3874DF97}
		{39E9BCE3-23B9-4B4A-B369-C8CEE5BBE8FD} = {39E9BCE3-23B9-4B4A-B369-C8CEE5BBE8FD}
		{5C98A6B5-74D9-4E37-96C2-9FBF838B88C1} = {5C98A6B5-74D9-4E37-96C2-9FBF838B88C1}
		{BD83F6A1-AC1F-48FA-AF29-DD37DA260226} = {BD83F6A1-AC1F-48FA-AF29-DD37DA260226}
		{1777DE88-B532-4637-802E-C7DCEF76DB05} = {1777DE88-B532-4637-802E-C7DCEF76DB05}
		{AB99A37D-8525-431A-8FFC-B9250E80B575} = {AB99A37D-8525-431A-8FFC-B9250E80B575}
	EndProjectSection
EndProject
Global
	GlobalSection(SolutionConfigurationPlatforms) = preSolution
		Debug|Win32 = Debug|Win32
		Release|Win32 = Release|Win32
	EndGlobalSection
	GlobalSection(ProjectConfigurationPlatforms) = postSolution
		{188052E8-8E5E-43E3-9788-4A71F0B51F4D}.Debug|Win32.ActiveCfg = Debug|Win32
		{188052E8-8E5E-43E3-9788-4A71F0B51F4D}.Debug|Win32.Build.0 = Debug|Win32
		{188052E8-8E5E-43E3-9788-4A71F0B51F4D}.Release|Win32.ActiveCfg = Release|Win32
		{188052E8-8E5E-43E3-9788-4A71F0B51F4D}.Release|Win32.Build.0 = Release|Win32
		{548FD2E8-FF79-4330-A830-D03D3874DF97}.Debug|Win32.ActiveCfg = Debug|Win32
		{548FD2E8-FF79-4330-A830-D03D3874DF97}.Debug|Win32.Build.0 = Debug|Win32
		{548FD2E8-FF79-4330-A830-D03D3874DF97}.Release|Win32.ActiveCfg = Release|Win32
		{548FD2E8-FF79-4330-A830-D03D3874DF97}.Release|Win32.Build.0 = Release|Win32
		{39E9BCE3-23B9-4B4A-B369-C8CEE5BBE8FD}.Debug|Win32.ActiveCfg = Debug|Win32
		{39E9BCE3-23B9-4B4A-B369-C8CEE5BBE8FD}.Debug|Win32.Build.0 = Debug|Win32
		{39E9BCE3-23B9-4B4A-B369-C8CEE5BBE8FD}.Release|Win32.ActiveCfg = Release|Win32
		{39E9BCE3-23B9-4B4A-B369-C8CEE5BBE8FD}.Release|Win32.Build.0 = Release|Win32
		{1777DE88-B532-4637-802E-C7DCEF76DB05}.Debug|Win32.ActiveCfg = Debug|Win32
		{1777DE88-B532-4637-802E-C7DCEF76DB05}.Debug|Win32.Build.0 = Debug|Win32
		{1777DE88-B532-4637-802E-C7DCEF76DB05}.Release|Win32.ActiveCfg = Release|Win32
		{1777DE88-B532-4637-802E-C7DCEF76DB05}.Release|Win32.Build.0 = Release|Win32
		{AB99A37D-8525-431A-8FFC-B9250E80B575}.Debug|Win32.ActiveCfg = Debug|Win32
		{AB99A37D-8525-431A-8FFC-B9250E80B575}.Debug|Win32.Build.0 = Debug|Win32
		{AB99A37D-8525-431A-8FFC-B9250E80B575}.Release|Win32.ActiveCfg = Release|Win32
		{AB99A37D-8525-431A-8FFC-B9250E80B575}.Release|Win32.Build.0 = Release|Win32
		{5C98A6B5-74D9-4E37-96C2-9FBF838B88C1}.Debug|Win32.ActiveCfg = Debug|Win32
		{5C98A6B5-74D9-4E37-96C2-9FBF838B88C1}.Debug|Win32.Build.0 = Debug|Win32
		{5C98A6B5-74D9-4E37-96C2-9FBF838B88C1}.Release|Win32.ActiveCfg = Release|Win32
		{5C98A6B5-74D9-4E37-96C2-9FBF838B88C1}.Release|Win32.Build.0 = Release|Win32
		{BD83F6A1-AC1F-48FA-AF29-DD37DA260226}.Debug|Win32.ActiveCfg = Debug|Win32
		{BD83F6A1-AC1F-48FA-AF29-DD37DA260226}.Debug|Win32.Build.0 = Debug|Win32
		{BD83F6A1-AC1F-48FA-AF29-DD37DA260226}.Release|Win32.ActiveCfg = Release|Win32
		{BD83F6A1-AC1F-48FA-AF29-DD37DA260226}.Release|Win32.Build.0 = Release|Win32
		{EB1A0B58-F86A-42C6-99AE-4770789B397C}.Debug|Win32.ActiveCfg = Debug|Win32
		{EB1A0B58-F86A-42C6-99AE-4770789B397C}.Debug|Win32.Build.0 = Debug|Win32
		{EB1A0B58-F86A-42C6-99AE-4770789B397C}.Release|Win32.ActiveCfg = Release|Win32
		{EB1A0B58-F86A-42C6-99AE-4770789B397C}.Release|Win32.Build.0 = Release|Win32
	EndGlobalSection
	GlobalSection(SolutionProperties) = preSolution
		HideSolutionNode = FALSE
	EndGlobalSection
EndGlobal
