Microsoft Visual Studio Solution File, Format Version 8.00

# Visual Studio 2003

Project("{8BC9CEB8-8B4A-11D0-8D11-00A0C91BC942}") = "all_furthest_neighbors_2", "VC/all_furthest_neighbors_2.vcproj", "{00000000-0000-0000-0000-000000006884}"

EndProject

Project("{8BC9CEB8-8B4A-11D0-8D11-00A0C91BC942}") = "extremal_polygon_2_area", "VC/extremal_polygon_2_area.vcproj", "{00000000-0000-0000-0000-000000002766}"

EndProject

Project("{8BC9CEB8-8B4A-11D0-8D11-00A0C91BC942}") = "extremal_polygon_2_perimeter", "VC/extremal_polygon_2_perimeter.vcproj", "{00000000-0000-0000-0000-000000031416}"

EndProject

Project("{8BC9CEB8-8B4A-11D0-8D11-00A0C91BC942}") = "rectangular_p_center_2", "VC/rectangular_p_center_2.vcproj", "{00000000-0000-0000-0000-000000027298}"

EndProject

Project("{8BC9CEB8-8B4A-11D0-8D11-00A0C91BC942}") = "sorted_matrix_search", "VC/sorted_matrix_search.vcproj", "{00000000-0000-0000-0000-000000023181}"

EndProject

