// !$*UTF8*$!
{
	archiveVersion = 1;
	classes = {
	};
	objectVersion = 42;
	objects = {

/* Begin PBXBuildFile section */
		D622A9960AEA91C700035F64 /* prefs.cpp in Sources */ = {isa = PBXBuildFile; fileRef = D6F0AEA70A4AD19C00E9C6D4 /* prefs.cpp */; };
		D6726CD70AEE476700E2668E /* obj_model.cpp in Sources */ = {isa = PBXBuildFile; fileRef = D6726CD60AEE476700E2668E /* obj_model.cpp */; };
		D6726E780AEE811400E2668E /* OpenGL.framework in Frameworks */ = {isa = PBXBuildFile; fileRef = D6726E770AEE811400E2668E /* OpenGL.framework */; };
		D6B331FD0B00CBFC001D7CCD /* ac_utils.h in CopyFiles */ = {isa = PBXBuildFile; fileRef = D6B331F70B00CBFC001D7CCD /* ac_utils.h */; };
		D6B331FE0B00CBFC001D7CCD /* bitmap_match.h in CopyFiles */ = {isa = PBXBuildFile; fileRef = D6B331F80B00CBFC001D7CCD /* bitmap_match.h */; };
		D6B331FF0B00CBFC001D7CCD /* obj_radius.h in CopyFiles */ = {isa = PBXBuildFile; fileRef = D6B331F90B00CBFC001D7CCD /* obj_radius.h */; };
		D6B332000B00CBFC001D7CCD /* obj_tools.h in CopyFiles */ = {isa = PBXBuildFile; fileRef = D6B331FA0B00CBFC001D7CCD /* obj_tools.h */; };
		D6B332010B00CBFC001D7CCD /* obj8_export.h in CopyFiles */ = {isa = PBXBuildFile; fileRef = D6B331FB0B00CBFC001D7CCD /* obj8_export.h */; };
		D6B332020B00CBFC001D7CCD /* obj8_import.h in CopyFiles */ = {isa = PBXBuildFile; fileRef = D6B331FC0B00CBFC001D7CCD /* obj8_import.h */; };
		D6B332050B00CC0E001D7CCD /* tcl_utils.h in CopyFiles */ = {isa = PBXBuildFile; fileRef = D6B332030B00CC0E001D7CCD /* tcl_utils.h */; };
		D6B332060B00CC0E001D7CCD /* tcl_utils.cpp in Sources */ = {isa = PBXBuildFile; fileRef = D6B332040B00CC0E001D7CCD /* tcl_utils.cpp */; };
		D6B332890B00D45C001D7CCD /* obj_editor.h in CopyFiles */ = {isa = PBXBuildFile; fileRef = D6B332870B00D45C001D7CCD /* obj_editor.h */; };
		D6B3328A0B00D45C001D7CCD /* obj_editor.cpp in Sources */ = {isa = PBXBuildFile; fileRef = D6B332880B00D45C001D7CCD /* obj_editor.cpp */; };
		D6B334C20B00E203001D7CCD /* Tcl.framework in Frameworks */ = {isa = PBXBuildFile; fileRef = D6B334C10B00E203001D7CCD /* Tcl.framework */; };
		D6CD2501098F95D900B525DA /* ObjConvert.cpp in Sources */ = {isa = PBXBuildFile; fileRef = D6DEA84B098E96D30061BE4C /* ObjConvert.cpp */; };
		D6CD2502098F95D900B525DA /* ObjPointPool.cpp in Sources */ = {isa = PBXBuildFile; fileRef = D6DEA84C098E96D30061BE4C /* ObjPointPool.cpp */; };
		D6CD2503098F95D900B525DA /* XObjBuilder.cpp in Sources */ = {isa = PBXBuildFile; fileRef = D6DEA84D098E96D30061BE4C /* XObjBuilder.cpp */; };
		D6CD2504098F95D900B525DA /* XObjDefs.cpp in Sources */ = {isa = PBXBuildFile; fileRef = D6DEA84E098E96D30061BE4C /* XObjDefs.cpp */; };
		D6CD2505098F95D900B525DA /* XObjReadWrite.cpp in Sources */ = {isa = PBXBuildFile; fileRef = D6DEA84F098E96D30061BE4C /* XObjReadWrite.cpp */; };
		D6CD2508098F95DF00B525DA /* ac_utils.c in Sources */ = {isa = PBXBuildFile; fileRef = D6DEA775098E92980061BE4C /* ac_utils.c */; };
		D6CD2509098F95DF00B525DA /* bitmap_match.c in Sources */ = {isa = PBXBuildFile; fileRef = D6DEA776098E92980061BE4C /* bitmap_match.c */; };
		D6CD250A098F95DF00B525DA /* obj_radius.c in Sources */ = {isa = PBXBuildFile; fileRef = D6DEA777098E92980061BE4C /* obj_radius.c */; };
		D6CD250B098F95DF00B525DA /* obj_tools.c in Sources */ = {isa = PBXBuildFile; fileRef = D6DEA778098E92980061BE4C /* obj_tools.c */; };
		D6CD250C098F95DF00B525DA /* obj8_export.c in Sources */ = {isa = PBXBuildFile; fileRef = D6DEA779098E92980061BE4C /* obj8_export.c */; };
		D6CD250D098F95DF00B525DA /* obj8_import.c in Sources */ = {isa = PBXBuildFile; fileRef = D6DEA77A098E92980061BE4C /* obj8_import.c */; };
		D6CD250E098F95DF00B525DA /* xp_plugin.c in Sources */ = {isa = PBXBuildFile; fileRef = D6DEA77B098E92980061BE4C /* xp_plugin.c */; };
		D6D287100B3881A100AC9899 /* obj_model.h in CopyFiles */ = {isa = PBXBuildFile; fileRef = D6726CD50AEE476700E2668E /* obj_model.h */; };
		D6D287110B3881A300AC9899 /* prefs.h in CopyFiles */ = {isa = PBXBuildFile; fileRef = D6F0AEA60A4AD19C00E9C6D4 /* prefs.h */; };
		D6ED20B50B0254850010DDDC /* obj_anim.h in CopyFiles */ = {isa = PBXBuildFile; fileRef = D6ED20B30B0254840010DDDC /* obj_anim.h */; };
		D6ED20B60B0254850010DDDC /* obj_anim.cpp in Sources */ = {isa = PBXBuildFile; fileRef = D6ED20B40B0254840010DDDC /* obj_anim.cpp */; };
		D6ED24720B03675D0010DDDC /* obj_update.h in CopyFiles */ = {isa = PBXBuildFile; fileRef = D6ED24700B03675D0010DDDC /* obj_update.h */; };
		D6ED24730B03675D0010DDDC /* obj_update.cpp in Sources */ = {isa = PBXBuildFile; fileRef = D6ED24710B03675D0010DDDC /* obj_update.cpp */; };
		D6F2F0460BC1A7E40051E526 /* uv_mapper.h in CopyFiles */ = {isa = PBXBuildFile; fileRef = D6F2F0440BC1A7E40051E526 /* uv_mapper.h */; };
		D6F2F0470BC1A7E40051E526 /* uv_mapper.cpp in Sources */ = {isa = PBXBuildFile; fileRef = D6F2F0450BC1A7E40051E526 /* uv_mapper.cpp */; };
		D6F2F28C0BC1AA8B0051E526 /* CompGeomDefs2.h in CopyFiles */ = {isa = PBXBuildFile; fileRef = D6F2F28A0BC1AA8B0051E526 /* CompGeomDefs2.h */; };
		D6F2F28D0BC1AA8B0051E526 /* CompGeomDefs3.h in CopyFiles */ = {isa = PBXBuildFile; fileRef = D6F2F28B0BC1AA8B0051E526 /* CompGeomDefs3.h */; };
		D6F2F75A0BC57FEA0051E526 /* dsf_export.cpp in Sources */ = {isa = PBXBuildFile; fileRef = D6F2F7580BC57FEA0051E526 /* dsf_export.cpp */; };
		D6F2F75B0BC57FEA0051E526 /* dsf_export.h in CopyFiles */ = {isa = PBXBuildFile; fileRef = D6F2F7590BC57FEA0051E526 /* dsf_export.h */; };
		D6F2F78E0BC580280051E526 /* DSFDefs.h in CopyFiles */ = {isa = PBXBuildFile; fileRef = D6F2F7780BC580280051E526 /* DSFDefs.h */; };
		D6F2F78F0BC580280051E526 /* DSFLib.cpp in Sources */ = {isa = PBXBuildFile; fileRef = D6F2F7790BC580280051E526 /* DSFLib.cpp */; };
		D6F2F7900BC580280051E526 /* DSFLib.h in CopyFiles */ = {isa = PBXBuildFile; fileRef = D6F2F77A0BC580280051E526 /* DSFLib.h */; };
		D6F2F79E0BC580280051E526 /* DSFLibWrite.cpp in Sources */ = {isa = PBXBuildFile; fileRef = D6F2F78A0BC580280051E526 /* DSFLibWrite.cpp */; };
		D6F2F79F0BC580280051E526 /* DSFPointPool.cpp in Sources */ = {isa = PBXBuildFile; fileRef = D6F2F78B0BC580280051E526 /* DSFPointPool.cpp */; };
		D6F2F7A00BC580280051E526 /* DSFPointPool.h in CopyFiles */ = {isa = PBXBuildFile; fileRef = D6F2F78C0BC580280051E526 /* DSFPointPool.h */; };
		D6F2F7C60BC5818E0051E526 /* ac3d_prefix.h in CopyFiles */ = {isa = PBXBuildFile; fileRef = D6F2F7C50BC5818E0051E526 /* ac3d_prefix.h */; };
		D6F2F8060BC585F20051E526 /* XChunkyFileUtils.cpp in Sources */ = {isa = PBXBuildFile; fileRef = D6F2F8050BC585F20051E526 /* XChunkyFileUtils.cpp */; };
		D6F2F8100BC586080051E526 /* AssertUtils.cpp in Sources */ = {isa = PBXBuildFile; fileRef = D6F2F80C0BC586080051E526 /* AssertUtils.cpp */; };
		D6F2F8110BC586080051E526 /* AssertUtils.h in CopyFiles */ = {isa = PBXBuildFile; fileRef = D6F2F80D0BC586080051E526 /* AssertUtils.h */; };
		D6F2F8120BC586080051E526 /* md5.c in Sources */ = {isa = PBXBuildFile; fileRef = D6F2F80E0BC586080051E526 /* md5.c */; };
		D6F2F8130BC586080051E526 /* md5.h in CopyFiles */ = {isa = PBXBuildFile; fileRef = D6F2F80F0BC586080051E526 /* md5.h */; };
		D6FB81300AFF76DD004C1796 /* XPlaneSupport.tcl in CopyFiles */ = {isa = PBXBuildFile; fileRef = D6FB812F0AFF76DD004C1796 /* XPlaneSupport.tcl */; };
		D6FF83220C2DBC1900F22A73 /* obj_panel.c in Sources */ = {isa = PBXBuildFile; fileRef = D6FF83200C2DBC1900F22A73 /* obj_panel.c */; };
		D6FF83230C2DBC1900F22A73 /* obj_panel.h in CopyFiles */ = {isa = PBXBuildFile; fileRef = D6FF83210C2DBC1900F22A73 /* obj_panel.h */; };
/* End PBXBuildFile section */

/* Begin PBXCopyFilesBuildPhase section */
		D6FB81270AFF76B4004C1796 /* CopyFiles */ = {
			isa = PBXCopyFilesBuildPhase;
			buildActionMask = 2147483647;
			dstPath = /Applications/ac3dmac/plugins;
			dstSubfolderSpec = 0;
			files = (
				D6FB81300AFF76DD004C1796 /* XPlaneSupport.tcl in CopyFiles */,
				D6B331FD0B00CBFC001D7CCD /* ac_utils.h in CopyFiles */,
				D6B331FE0B00CBFC001D7CCD /* bitmap_match.h in CopyFiles */,
				D6B331FF0B00CBFC001D7CCD /* obj_radius.h in CopyFiles */,
				D6B332000B00CBFC001D7CCD /* obj_tools.h in CopyFiles */,
				D6B332010B00CBFC001D7CCD /* obj8_export.h in CopyFiles */,
				D6B332020B00CBFC001D7CCD /* obj8_import.h in CopyFiles */,
				D6B332050B00CC0E001D7CCD /* tcl_utils.h in CopyFiles */,
				D6B332890B00D45C001D7CCD /* obj_editor.h in CopyFiles */,
				D6ED20B50B0254850010DDDC /* obj_anim.h in CopyFiles */,
				D6ED24720B03675D0010DDDC /* obj_update.h in CopyFiles */,
				D6D287100B3881A100AC9899 /* obj_model.h in CopyFiles */,
				D6D287110B3881A300AC9899 /* prefs.h in CopyFiles */,
				D6F2F0460BC1A7E40051E526 /* uv_mapper.h in CopyFiles */,
				D6F2F28C0BC1AA8B0051E526 /* CompGeomDefs2.h in CopyFiles */,
				D6F2F28D0BC1AA8B0051E526 /* CompGeomDefs3.h in CopyFiles */,
				D6F2F75B0BC57FEA0051E526 /* dsf_export.h in CopyFiles */,
				D6F2F78E0BC580280051E526 /* DSFDefs.h in CopyFiles */,
				D6F2F7900BC580280051E526 /* DSFLib.h in CopyFiles */,
				D6F2F7A00BC580280051E526 /* DSFPointPool.h in CopyFiles */,
				D6F2F7C60BC5818E0051E526 /* ac3d_prefix.h in CopyFiles */,
				D6F2F8110BC586080051E526 /* AssertUtils.h in CopyFiles */,
				D6F2F8130BC586080051E526 /* md5.h in CopyFiles */,
				D6FF83230C2DBC1900F22A73 /* obj_panel.h in CopyFiles */,
			);
			runOnlyForDeploymentPostprocessing = 0;
		};
/* End PBXCopyFilesBuildPhase section */

/* Begin PBXFileReference section */
		D6726CD50AEE476700E2668E /* obj_model.h */ = {isa = PBXFileReference; fileEncoding = 4; lastKnownFileType = sourcecode.c.h; path = obj_model.h; sourceTree = "<group>"; };
		D6726CD60AEE476700E2668E /* obj_model.cpp */ = {isa = PBXFileReference; fileEncoding = 4; lastKnownFileType = sourcecode.cpp.cpp; path = obj_model.cpp; sourceTree = "<group>"; };
		D6726E770AEE811400E2668E /* OpenGL.framework */ = {isa = PBXFileReference; lastKnownFileType = wrapper.framework; name = OpenGL.framework; path = /System/Library/Frameworks/OpenGL.framework; sourceTree = "<absolute>"; };
		D6B331F70B00CBFC001D7CCD /* ac_utils.h */ = {isa = PBXFileReference; fileEncoding = 30; lastKnownFileType = sourcecode.c.h; path = ac_utils.h; sourceTree = "<group>"; };
		D6B331F80B00CBFC001D7CCD /* bitmap_match.h */ = {isa = PBXFileReference; fileEncoding = 30; lastKnownFileType = sourcecode.c.h; path = bitmap_match.h; sourceTree = "<group>"; };
		D6B331F90B00CBFC001D7CCD /* obj_radius.h */ = {isa = PBXFileReference; fileEncoding = 30; lastKnownFileType = sourcecode.c.h; path = obj_radius.h; sourceTree = "<group>"; };
		D6B331FA0B00CBFC001D7CCD /* obj_tools.h */ = {isa = PBXFileReference; fileEncoding = 30; lastKnownFileType = sourcecode.c.h; path = obj_tools.h; sourceTree = "<group>"; };
		D6B331FB0B00CBFC001D7CCD /* obj8_export.h */ = {isa = PBXFileReference; fileEncoding = 30; lastKnownFileType = sourcecode.c.h; path = obj8_export.h; sourceTree = "<group>"; };
		D6B331FC0B00CBFC001D7CCD /* obj8_import.h */ = {isa = PBXFileReference; fileEncoding = 30; lastKnownFileType = sourcecode.c.h; path = obj8_import.h; sourceTree = "<group>"; };
		D6B332030B00CC0E001D7CCD /* tcl_utils.h */ = {isa = PBXFileReference; fileEncoding = 4; lastKnownFileType = sourcecode.c.h; path = tcl_utils.h; sourceTree = "<group>"; };
		D6B332040B00CC0E001D7CCD /* tcl_utils.cpp */ = {isa = PBXFileReference; fileEncoding = 4; lastKnownFileType = sourcecode.cpp.cpp; path = tcl_utils.cpp; sourceTree = "<group>"; };
		D6B332870B00D45C001D7CCD /* obj_editor.h */ = {isa = PBXFileReference; fileEncoding = 4; lastKnownFileType = sourcecode.c.h; path = obj_editor.h; sourceTree = "<group>"; };
		D6B332880B00D45C001D7CCD /* obj_editor.cpp */ = {isa = PBXFileReference; fileEncoding = 4; lastKnownFileType = sourcecode.cpp.cpp; path = obj_editor.cpp; sourceTree = "<group>"; };
		D6B334C10B00E203001D7CCD /* Tcl.framework */ = {isa = PBXFileReference; lastKnownFileType = wrapper.framework; name = Tcl.framework; path = /System/Library/Frameworks/Tcl.framework; sourceTree = "<absolute>"; };
		D6CD245F098EB16400B525DA /* XPlaneSupportMac.p.bundle */ = {isa = PBXFileReference; explicitFileType = wrapper.cfbundle; includeInIndex = 0; path = XPlaneSupportMac.p.bundle; sourceTree = BUILT_PRODUCTS_DIR; };
		D6CD2460098EB16400B525DA /* XPExporter-Info.plist */ = {isa = PBXFileReference; lastKnownFileType = text.xml; path = "XPExporter-Info.plist"; sourceTree = "<group>"; };
		D6DEA775098E92980061BE4C /* ac_utils.c */ = {isa = PBXFileReference; fileEncoding = 30; lastKnownFileType = sourcecode.c.c; path = ac_utils.c; sourceTree = "<group>"; };
		D6DEA776098E92980061BE4C /* bitmap_match.c */ = {isa = PBXFileReference; fileEncoding = 30; lastKnownFileType = sourcecode.c.c; path = bitmap_match.c; sourceTree = "<group>"; };
		D6DEA777098E92980061BE4C /* obj_radius.c */ = {isa = PBXFileReference; fileEncoding = 30; lastKnownFileType = sourcecode.c.c; path = obj_radius.c; sourceTree = "<group>"; };
		D6DEA778098E92980061BE4C /* obj_tools.c */ = {isa = PBXFileReference; fileEncoding = 30; lastKnownFileType = sourcecode.c.c; path = obj_tools.c; sourceTree = "<group>"; };
		D6DEA779098E92980061BE4C /* obj8_export.c */ = {isa = PBXFileReference; fileEncoding = 30; lastKnownFileType = sourcecode.c.c; path = obj8_export.c; sourceTree = "<group>"; };
		D6DEA77A098E92980061BE4C /* obj8_import.c */ = {isa = PBXFileReference; fileEncoding = 30; lastKnownFileType = sourcecode.c.c; path = obj8_import.c; sourceTree = "<group>"; };
		D6DEA77B098E92980061BE4C /* xp_plugin.c */ = {isa = PBXFileReference; fileEncoding = 30; lastKnownFileType = sourcecode.c.c; path = xp_plugin.c; sourceTree = "<group>"; };
		D6DEA84B098E96D30061BE4C /* ObjConvert.cpp */ = {isa = PBXFileReference; fileEncoding = 30; lastKnownFileType = sourcecode.cpp.cpp; name = ObjConvert.cpp; path = src/Obj/ObjConvert.cpp; sourceTree = SOURCE_ROOT; };
		D6DEA84C098E96D30061BE4C /* ObjPointPool.cpp */ = {isa = PBXFileReference; fileEncoding = 30; lastKnownFileType = sourcecode.cpp.cpp; name = ObjPointPool.cpp; path = src/Obj/ObjPointPool.cpp; sourceTree = SOURCE_ROOT; };
		D6DEA84D098E96D30061BE4C /* XObjBuilder.cpp */ = {isa = PBXFileReference; fileEncoding = 30; lastKnownFileType = sourcecode.cpp.cpp; name = XObjBuilder.cpp; path = src/Obj/XObjBuilder.cpp; sourceTree = SOURCE_ROOT; };
		D6DEA84E098E96D30061BE4C /* XObjDefs.cpp */ = {isa = PBXFileReference; fileEncoding = 30; lastKnownFileType = sourcecode.cpp.cpp; name = XObjDefs.cpp; path = src/Obj/XObjDefs.cpp; sourceTree = SOURCE_ROOT; };
		D6DEA84F098E96D30061BE4C /* XObjReadWrite.cpp */ = {isa = PBXFileReference; fileEncoding = 30; lastKnownFileType = sourcecode.cpp.cpp; name = XObjReadWrite.cpp; path = src/Obj/XObjReadWrite.cpp; sourceTree = SOURCE_ROOT; };
		D6ED20B30B0254840010DDDC /* obj_anim.h */ = {isa = PBXFileReference; fileEncoding = 4; lastKnownFileType = sourcecode.c.h; path = obj_anim.h; sourceTree = "<group>"; };
		D6ED20B40B0254840010DDDC /* obj_anim.cpp */ = {isa = PBXFileReference; fileEncoding = 4; lastKnownFileType = sourcecode.cpp.cpp; path = obj_anim.cpp; sourceTree = "<group>"; };
		D6ED24700B03675D0010DDDC /* obj_update.h */ = {isa = PBXFileReference; fileEncoding = 4; lastKnownFileType = sourcecode.c.h; path = obj_update.h; sourceTree = "<group>"; };
		D6ED24710B03675D0010DDDC /* obj_update.cpp */ = {isa = PBXFileReference; fileEncoding = 4; lastKnownFileType = sourcecode.cpp.cpp; path = obj_update.cpp; sourceTree = "<group>"; };
		D6F0AEA60A4AD19C00E9C6D4 /* prefs.h */ = {isa = PBXFileReference; fileEncoding = 4; lastKnownFileType = sourcecode.c.h; path = prefs.h; sourceTree = "<group>"; };
		D6F0AEA70A4AD19C00E9C6D4 /* prefs.cpp */ = {isa = PBXFileReference; fileEncoding = 4; lastKnownFileType = sourcecode.cpp.cpp; path = prefs.cpp; sourceTree = "<group>"; };
		D6F2F0440BC1A7E40051E526 /* uv_mapper.h */ = {isa = PBXFileReference; fileEncoding = 4; lastKnownFileType = sourcecode.c.h; path = uv_mapper.h; sourceTree = "<group>"; };
		D6F2F0450BC1A7E40051E526 /* uv_mapper.cpp */ = {isa = PBXFileReference; fileEncoding = 4; lastKnownFileType = sourcecode.cpp.cpp; path = uv_mapper.cpp; sourceTree = "<group>"; };
		D6F2F28A0BC1AA8B0051E526 /* CompGeomDefs2.h */ = {isa = PBXFileReference; fileEncoding = 30; lastKnownFileType = sourcecode.c.h; path = CompGeomDefs2.h; sourceTree = "<group>"; };
		D6F2F28B0BC1AA8B0051E526 /* CompGeomDefs3.h */ = {isa = PBXFileReference; fileEncoding = 30; lastKnownFileType = sourcecode.c.h; path = CompGeomDefs3.h; sourceTree = "<group>"; };
		D6F2F7580BC57FEA0051E526 /* dsf_export.cpp */ = {isa = PBXFileReference; fileEncoding = 30; lastKnownFileType = sourcecode.cpp.cpp; path = dsf_export.cpp; sourceTree = "<group>"; };
		D6F2F7590BC57FEA0051E526 /* dsf_export.h */ = {isa = PBXFileReference; fileEncoding = 30; lastKnownFileType = sourcecode.c.h; path = dsf_export.h; sourceTree = "<group>"; };
		D6F2F7780BC580280051E526 /* DSFDefs.h */ = {isa = PBXFileReference; fileEncoding = 30; lastKnownFileType = sourcecode.c.h; path = DSFDefs.h; sourceTree = "<group>"; };
		D6F2F7790BC580280051E526 /* DSFLib.cpp */ = {isa = PBXFileReference; fileEncoding = 30; lastKnownFileType = sourcecode.cpp.cpp; path = DSFLib.cpp; sourceTree = "<group>"; };
		D6F2F77A0BC580280051E526 /* DSFLib.h */ = {isa = PBXFileReference; fileEncoding = 30; lastKnownFileType = sourcecode.c.h; path = DSFLib.h; sourceTree = "<group>"; };
		D6F2F78A0BC580280051E526 /* DSFLibWrite.cpp */ = {isa = PBXFileReference; fileEncoding = 30; lastKnownFileType = sourcecode.cpp.cpp; path = DSFLibWrite.cpp; sourceTree = "<group>"; };
		D6F2F78B0BC580280051E526 /* DSFPointPool.cpp */ = {isa = PBXFileReference; fileEncoding = 30; lastKnownFileType = sourcecode.cpp.cpp; path = DSFPointPool.cpp; sourceTree = "<group>"; };
		D6F2F78C0BC580280051E526 /* DSFPointPool.h */ = {isa = PBXFileReference; fileEncoding = 30; lastKnownFileType = sourcecode.c.h; path = DSFPointPool.h; sourceTree = "<group>"; };
		D6F2F7C50BC5818E0051E526 /* ac3d_prefix.h */ = {isa = PBXFileReference; fileEncoding = 30; lastKnownFileType = sourcecode.c.h; path = ac3d_prefix.h; sourceTree = "<group>"; };
		D6F2F8050BC585F20051E526 /* XChunkyFileUtils.cpp */ = {isa = PBXFileReference; fileEncoding = 30; lastKnownFileType = sourcecode.cpp.cpp; path = XChunkyFileUtils.cpp; sourceTree = "<group>"; };
		D6F2F80C0BC586080051E526 /* AssertUtils.cpp */ = {isa = PBXFileReference; fileEncoding = 30; lastKnownFileType = sourcecode.cpp.cpp; path = AssertUtils.cpp; sourceTree = "<group>"; };
		D6F2F80D0BC586080051E526 /* AssertUtils.h */ = {isa = PBXFileReference; fileEncoding = 30; lastKnownFileType = sourcecode.c.h; path = AssertUtils.h; sourceTree = "<group>"; };
		D6F2F80E0BC586080051E526 /* md5.c */ = {isa = PBXFileReference; fileEncoding = 30; lastKnownFileType = sourcecode.c.c; path = md5.c; sourceTree = "<group>"; };
		D6F2F80F0BC586080051E526 /* md5.h */ = {isa = PBXFileReference; fileEncoding = 30; lastKnownFileType = sourcecode.c.h; path = md5.h; sourceTree = "<group>"; };
		D6FB812F0AFF76DD004C1796 /* XPlaneSupport.tcl */ = {isa = PBXFileReference; fileEncoding = 30; lastKnownFileType = text; path = XPlaneSupport.tcl; sourceTree = "<group>"; };
		D6FF83200C2DBC1900F22A73 /* obj_panel.c */ = {isa = PBXFileReference; fileEncoding = 30; lastKnownFileType = sourcecode.c.c; path = obj_panel.c; sourceTree = "<group>"; };
		D6FF83210C2DBC1900F22A73 /* obj_panel.h */ = {isa = PBXFileReference; fileEncoding = 30; lastKnownFileType = sourcecode.c.h; path = obj_panel.h; sourceTree = "<group>"; };
/* End PBXFileReference section */

/* Begin PBXFrameworksBuildPhase section */
		D6CD245D098EB16400B525DA /* Frameworks */ = {
			isa = PBXFrameworksBuildPhase;
			buildActionMask = 2147483647;
			files = (
				D6726E780AEE811400E2668E /* OpenGL.framework in Frameworks */,
				D6B334C20B00E203001D7CCD /* Tcl.framework in Frameworks */,
			);
			runOnlyForDeploymentPostprocessing = 0;
		};
/* End PBXFrameworksBuildPhase section */

/* Begin PBXGroup section */
		08FB7794FE84155DC02AAC07 /* XPExporter */ = {
			isa = PBXGroup;
			children = (
				D6F2F1800BC1AA570051E526 /* Frameworks */,
				08FB7795FE84155DC02AAC07 /* src */,
				1AB674ADFE9D54B511CA2CBB /* Products */,
				D6CD2460098EB16400B525DA /* XPExporter-Info.plist */,
			);
			name = XPExporter;
			sourceTree = "<group>";
		};
		08FB7795FE84155DC02AAC07 /* src */ = {
			isa = PBXGroup;
			children = (
				D6F2F7760BC580280051E526 /* DSF */,
				D6F2F0720BC1A9EF0051E526 /* Utils */,
				D6DEA84A098E96AE0061BE4C /* Obj */,
				D6DEA849098E96A20061BE4C /* AC3DPlugins */,
			);
			path = src;
			sourceTree = "<group>";
		};
		1AB674ADFE9D54B511CA2CBB /* Products */ = {
			isa = PBXGroup;
			children = (
				D6CD245F098EB16400B525DA /* XPlaneSupportMac.p.bundle */,
			);
			name = Products;
			sourceTree = "<group>";
		};
		D6DEA849098E96A20061BE4C /* AC3DPlugins */ = {
			isa = PBXGroup;
			children = (
				D6FF83200C2DBC1900F22A73 /* obj_panel.c */,
				D6FF83210C2DBC1900F22A73 /* obj_panel.h */,
				D6F2F7C50BC5818E0051E526 /* ac3d_prefix.h */,
				D6F2F7580BC57FEA0051E526 /* dsf_export.cpp */,
				D6F2F7590BC57FEA0051E526 /* dsf_export.h */,
				D6F2F0440BC1A7E40051E526 /* uv_mapper.h */,
				D6F2F0450BC1A7E40051E526 /* uv_mapper.cpp */,
				D6B331F70B00CBFC001D7CCD /* ac_utils.h */,
				D6DEA775098E92980061BE4C /* ac_utils.c */,
				D6B331F80B00CBFC001D7CCD /* bitmap_match.h */,
				D6DEA776098E92980061BE4C /* bitmap_match.c */,
				D6B331F90B00CBFC001D7CCD /* obj_radius.h */,
				D6DEA777098E92980061BE4C /* obj_radius.c */,
				D6B331FA0B00CBFC001D7CCD /* obj_tools.h */,
				D6DEA778098E92980061BE4C /* obj_tools.c */,
				D6B331FB0B00CBFC001D7CCD /* obj8_export.h */,
				D6DEA779098E92980061BE4C /* obj8_export.c */,
				D6B331FC0B00CBFC001D7CCD /* obj8_import.h */,
				D6DEA77A098E92980061BE4C /* obj8_import.c */,
				D6DEA77B098E92980061BE4C /* xp_plugin.c */,
				D6F0AEA60A4AD19C00E9C6D4 /* prefs.h */,
				D6F0AEA70A4AD19C00E9C6D4 /* prefs.cpp */,
				D6726CD50AEE476700E2668E /* obj_model.h */,
				D6726CD60AEE476700E2668E /* obj_model.cpp */,
				D6B332030B00CC0E001D7CCD /* tcl_utils.h */,
				D6B332040B00CC0E001D7CCD /* tcl_utils.cpp */,
				D6FB812F0AFF76DD004C1796 /* XPlaneSupport.tcl */,
				D6B332870B00D45C001D7CCD /* obj_editor.h */,
				D6B332880B00D45C001D7CCD /* obj_editor.cpp */,
				D6ED20B30B0254840010DDDC /* obj_anim.h */,
				D6ED20B40B0254840010DDDC /* obj_anim.cpp */,
				D6ED24700B03675D0010DDDC /* obj_update.h */,
				D6ED24710B03675D0010DDDC /* obj_update.cpp */,
			);
			path = AC3DPlugins;
			sourceTree = "<group>";
		};
		D6DEA84A098E96AE0061BE4C /* Obj */ = {
			isa = PBXGroup;
			children = (
				D6DEA84B098E96D30061BE4C /* ObjConvert.cpp */,
				D6DEA84C098E96D30061BE4C /* ObjPointPool.cpp */,
				D6DEA84D098E96D30061BE4C /* XObjBuilder.cpp */,
				D6DEA84E098E96D30061BE4C /* XObjDefs.cpp */,
				D6DEA84F098E96D30061BE4C /* XObjReadWrite.cpp */,
			);
			path = Obj;
			sourceTree = "<group>";
		};
		D6F2F0720BC1A9EF0051E526 /* Utils */ = {
			isa = PBXGroup;
			children = (
				D6F2F80C0BC586080051E526 /* AssertUtils.cpp */,
				D6F2F80D0BC586080051E526 /* AssertUtils.h */,
				D6F2F80E0BC586080051E526 /* md5.c */,
				D6F2F80F0BC586080051E526 /* md5.h */,
				D6F2F8050BC585F20051E526 /* XChunkyFileUtils.cpp */,
				D6F2F28A0BC1AA8B0051E526 /* CompGeomDefs2.h */,
				D6F2F28B0BC1AA8B0051E526 /* CompGeomDefs3.h */,
			);
			path = Utils;
			sourceTree = "<group>";
		};
		D6F2F1800BC1AA570051E526 /* Frameworks */ = {
			isa = PBXGroup;
			children = (
				D6B334C10B00E203001D7CCD /* Tcl.framework */,
				D6726E770AEE811400E2668E /* OpenGL.framework */,
			);
			name = Frameworks;
			sourceTree = "<group>";
		};
		D6F2F7760BC580280051E526 /* DSF */ = {
			isa = PBXGroup;
			children = (
				D6F2F7780BC580280051E526 /* DSFDefs.h */,
				D6F2F7790BC580280051E526 /* DSFLib.cpp */,
				D6F2F77A0BC580280051E526 /* DSFLib.h */,
				D6F2F78A0BC580280051E526 /* DSFLibWrite.cpp */,
				D6F2F78B0BC580280051E526 /* DSFPointPool.cpp */,
				D6F2F78C0BC580280051E526 /* DSFPointPool.h */,
			);
			path = DSF;
			sourceTree = "<group>";
		};
/* End PBXGroup section */

/* Begin PBXNativeTarget section */
		D6CD245E098EB16400B525DA /* XPlaneSupportMac */ = {
			isa = PBXNativeTarget;
			buildConfigurationList = D6CD2461098EB16400B525DA /* Build configuration list for PBXNativeTarget "XPlaneSupportMac" */;
			buildPhases = (
				D6CD245C098EB16400B525DA /* Sources */,
				D6CD245D098EB16400B525DA /* Frameworks */,
				D6CD246F098EB73200B525DA /* ShellScript */,
				D6FB81270AFF76B4004C1796 /* CopyFiles */,
			);
			buildRules = (
			);
			dependencies = (
			);
			name = XPlaneSupportMac;
			productName = XPExporter;
			productReference = D6CD245F098EB16400B525DA /* XPlaneSupportMac.p.bundle */;
			productType = "com.apple.product-type.bundle";
		};
/* End PBXNativeTarget section */

/* Begin PBXProject section */
		08FB7793FE84155DC02AAC07 /* Project object */ = {
			isa = PBXProject;
			buildConfigurationList = 1DEB914E08733D8E0010E9CD /* Build configuration list for PBXProject "XPExporter" */;
			hasScannedForEncodings = 1;
			mainGroup = 08FB7794FE84155DC02AAC07 /* XPExporter */;
			projectDirPath = "";
			targets = (
				D6CD245E098EB16400B525DA /* XPlaneSupportMac */,
			);
		};
/* End PBXProject section */

/* Begin PBXShellScriptBuildPhase section */
		D6CD246F098EB73200B525DA /* ShellScript */ = {
			isa = PBXShellScriptBuildPhase;
			buildActionMask = 2147483647;
			files = (
			);
			inputPaths = (
			);
			outputPaths = (
			);
			runOnlyForDeploymentPostprocessing = 0;
			shellPath = /bin/sh;
			shellScript = "install_name_tool -change /System/Library/Frameworks/Tcl.framework/Versions/8.4/Tcl @executable_path/../Frameworks/Tcl.framework/Versions/8.4/Tcl $TARGET_BUILD_DIR/$EXECUTABLE_PATH\ncp $TARGET_BUILD_DIR/$EXECUTABLE_PATH /Applications/ac3dmac/plugins/\n";
		};
/* End PBXShellScriptBuildPhase section */

/* Begin PBXSourcesBuildPhase section */
		D6CD245C098EB16400B525DA /* Sources */ = {
			isa = PBXSourcesBuildPhase;
			buildActionMask = 2147483647;
			files = (
				D6CD2501098F95D900B525DA /* ObjConvert.cpp in Sources */,
				D6CD2502098F95D900B525DA /* ObjPointPool.cpp in Sources */,
				D6CD2503098F95D900B525DA /* XObjBuilder.cpp in Sources */,
				D6CD2504098F95D900B525DA /* XObjDefs.cpp in Sources */,
				D6CD2505098F95D900B525DA /* XObjReadWrite.cpp in Sources */,
				D6CD2508098F95DF00B525DA /* ac_utils.c in Sources */,
				D6CD2509098F95DF00B525DA /* bitmap_match.c in Sources */,
				D6CD250A098F95DF00B525DA /* obj_radius.c in Sources */,
				D6CD250B098F95DF00B525DA /* obj_tools.c in Sources */,
				D6CD250C098F95DF00B525DA /* obj8_export.c in Sources */,
				D6CD250D098F95DF00B525DA /* obj8_import.c in Sources */,
				D6CD250E098F95DF00B525DA /* xp_plugin.c in Sources */,
				D622A9960AEA91C700035F64 /* prefs.cpp in Sources */,
				D6726CD70AEE476700E2668E /* obj_model.cpp in Sources */,
				D6B332060B00CC0E001D7CCD /* tcl_utils.cpp in Sources */,
				D6B3328A0B00D45C001D7CCD /* obj_editor.cpp in Sources */,
				D6ED20B60B0254850010DDDC /* obj_anim.cpp in Sources */,
				D6ED24730B03675D0010DDDC /* obj_update.cpp in Sources */,
				D6F2F0470BC1A7E40051E526 /* uv_mapper.cpp in Sources */,
				D6F2F75A0BC57FEA0051E526 /* dsf_export.cpp in Sources */,
				D6F2F78F0BC580280051E526 /* DSFLib.cpp in Sources */,
				D6F2F79E0BC580280051E526 /* DSFLibWrite.cpp in Sources */,
				D6F2F79F0BC580280051E526 /* DSFPointPool.cpp in Sources */,
				D6F2F8060BC585F20051E526 /* XChunkyFileUtils.cpp in Sources */,
				D6F2F8100BC586080051E526 /* AssertUtils.cpp in Sources */,
				D6F2F8120BC586080051E526 /* md5.c in Sources */,
				D6FF83220C2DBC1900F22A73 /* obj_panel.c in Sources */,
			);
			runOnlyForDeploymentPostprocessing = 0;
		};
/* End PBXSourcesBuildPhase section */

/* Begin XCBuildConfiguration section */
		1DEB914F08733D8E0010E9CD /* Debug */ = {
			isa = XCBuildConfiguration;
			buildSettings = {
				BUNDLE_LOADER = /Applications/ac3dmac/ac3d.app/Contents/MacOS/ac3d;
				EXECUTABLE_EXTENSION = p;
				GCC_INPUT_FILETYPE = sourcecode.cpp.cpp;
				GCC_OPTIMIZATION_LEVEL = 0;
				GCC_PREFIX_HEADER = src/AC3DPlugins/ac3d_prefix.h;
				GCC_PREPROCESSOR_DEFINITIONS = (
					"APL=1",
					"DEV=1",
				);
				HEADER_SEARCH_PATHS = (
					SDK/ac3d,
					"$(HEADER_SEARCH_PATHS)",
				);
				MACH_O_TYPE = mh_bundle;
				PREBINDING = NO;
				PRODUCT_NAME = "${TARGET_NAME}.p";
				SDKROOT = /Developer/SDKs/MacOSX10.4u.sdk;
				USER_HEADER_SEARCH_PATHS = "src/AC3DPlugins src/Obj src/Utils $(USER_HEADER_SEARCH_PATHS)";
			};
			name = Debug;
		};
		1DEB915008733D8E0010E9CD /* Release */ = {
			isa = XCBuildConfiguration;
			buildSettings = {
				ARCHS = (
					ppc,
					i386,
				);
				BUNDLE_LOADER = /Applications/ac3dmac/ac3d.app/Contents/MacOS/ac3d;
				EXECUTABLE_EXTENSION = p;
				GCC_INPUT_FILETYPE = sourcecode.cpp.cpp;
				GCC_PREFIX_HEADER = src/AC3DPlugins/ac3d_prefix.h;
				GCC_PREPROCESSOR_DEFINITIONS = (
					"APL=1",
					"DEV=0",
				);
				HEADER_SEARCH_PATHS = (
					SDK/ac3d,
					"$(HEADER_SEARCH_PATHS)",
				);
				MACH_O_TYPE = mh_bundle;
				PREBINDING = NO;
				PRODUCT_NAME = "${TARGET_NAME}.p";
				SDKROOT = /Developer/SDKs/MacOSX10.4u.sdk;
				USER_HEADER_SEARCH_PATHS = "src/AC3DPlugins src/Obj src/Utils $(USER_HEADER_SEARCH_PATHS)";
			};
			name = Release;
		};
		D6CD2462098EB16400B525DA /* Debug */ = {
			isa = XCBuildConfiguration;
			buildSettings = {
			};
			name = Debug;
		};
		D6CD2463098EB16400B525DA /* Release */ = {
			isa = XCBuildConfiguration;
			buildSettings = {
			};
			name = Release;
		};
/* End XCBuildConfiguration section */

/* Begin XCConfigurationList section */
		1DEB914E08733D8E0010E9CD /* Build configuration list for PBXProject "XPExporter" */ = {
			isa = XCConfigurationList;
			buildConfigurations = (
				1DEB914F08733D8E0010E9CD /* Debug */,
				1DEB915008733D8E0010E9CD /* Release */,
			);
			defaultConfigurationIsVisible = 0;
			defaultConfigurationName = Release;
		};
		D6CD2461098EB16400B525DA /* Build configuration list for PBXNativeTarget "XPlaneSupportMac" */ = {
			isa = XCConfigurationList;
			buildConfigurations = (
				D6CD2462098EB16400B525DA /* Debug */,
				D6CD2463098EB16400B525DA /* Release */,
			);
			defaultConfigurationIsVisible = 0;
			defaultConfigurationName = Release;
		};
/* End XCConfigurationList section */
	};
	rootObject = 08FB7793FE84155DC02AAC07 /* Project object */;
}
