Microsoft Visual Studio Solution File, Format Version 8.00

# Visual Studio 2003

Project("{8BC9CEB8-8B4A-11D0-8D11-00A0C91BC942}") = "construction", "VC/construction.vcproj", "{00000000-0000-0000-0000-000000024013}"

EndProject

Project("{8BC9CEB8-8B4A-11D0-8D11-00A0C91BC942}") = "exploration", "VC/exploration.vcproj", "{00000000-0000-0000-0000-000000019895}"

EndProject

Project("{8BC9CEB8-8B4A-11D0-8D11-00A0C91BC942}") = "point_location", "VC/point_location.vcproj", "{00000000-0000-0000-0000-000000015777}"

EndProject

Project("{8BC9CEB8-8B4A-11D0-8D11-00A0C91BC942}") = "simple", "VC/simple.vcproj", "{00000000-0000-0000-0000-000000011660}"

EndProject

